<?xml version="1.0" encoding="utf-8"?>
<Project ToolsVersion="14.0" xmlns="http://schemas.microsoft.com/developer/msbuild/2003">
  <ItemGroup>
    <Filter Include="WebP">
      <UniqueIdentifier>{d7592a26-0f4e-44d1-ad1b-3f45b9ac3dd5}</UniqueIdentifier>
    </Filter>
    <Filter Include="Helpers">
      <UniqueIdentifier>{903ec3d1-7f79-41e7-a41d-2ef61411b312}</UniqueIdentifier>
    </Filter>
    <Filter Include="Mrz">
      <UniqueIdentifier>{9e8ae57f-bce5-4315-9e6d-8ebf3ad1b207}</UniqueIdentifier>
    </Filter>
    <Filter Include="Proxies">
      <UniqueIdentifier>{4fa8da03-5bd0-46c1-8618-868e68b3a60c}</UniqueIdentifier>
    </Filter>
    <Filter Include="Qr">
      <UniqueIdentifier>{554d0aa9-cb6c-4e0c-9761-3424c8d861cd}</UniqueIdentifier>
    </Filter>
    <Filter Include="SVG">
      <UniqueIdentifier>{20f48c9c-22c5-4b5f-9ac3-113a8c4eaa06}</UniqueIdentifier>
    </Filter>
    <Filter Include="libyuv">
      <UniqueIdentifier>{1941dd59-41f1-4071-8f63-426c6e788796}</UniqueIdentifier>
    </Filter>
    <Filter Include="libyuv\include">
      <UniqueIdentifier>{a9c0307d-e27b-4bb9-9feb-e05851e2394d}</UniqueIdentifier>
    </Filter>
    <Filter Include="libyuv\include\libyuv">
      <UniqueIdentifier>{053c2318-87ab-457d-92f7-90ee165f1567}</UniqueIdentifier>
    </Filter>
    <Filter Include="libyuv\source">
      <UniqueIdentifier>{157965a2-87a0-4380-bdc0-420a42492e3e}</UniqueIdentifier>
    </Filter>
  </ItemGroup>
  <ItemGroup>
    <ClCompile Include="pch.cpp" />
    <ClCompile Include="WebP\WebPFrame.cpp">
      <Filter>WebP</Filter>
    </ClCompile>
    <ClCompile Include="WebP\WebPImage.cpp">
      <Filter>WebP</Filter>
    </ClCompile>
    <ClCompile Include="NativeUtils.cpp" />
    <ClCompile Include="DeviceLostHelper.cpp" />
    <ClCompile Include="PlaceholderImageHelper.cpp" />
    <ClCompile Include="Mrz\MrzRecognizer.cpp">
      <Filter>Mrz</Filter>
    </ClCompile>
    <ClCompile Include="Mrz\fast-edge.cpp">
      <Filter>Mrz</Filter>
    </ClCompile>
    <ClCompile Include="Mrz\genann.c">
      <Filter>Mrz</Filter>
    </ClCompile>
    <ClCompile Include="Proxies\TelegramGameProxy.cpp">
      <Filter>Proxies</Filter>
    </ClCompile>
    <ClCompile Include="Proxies\TelegramPaymentProxy.cpp">
      <Filter>Proxies</Filter>
    </ClCompile>
    <ClCompile Include="QR\BitBuffer.cpp">
      <Filter>Qr</Filter>
    </ClCompile>
    <ClCompile Include="QR\QrCode.cpp">
      <Filter>Qr</Filter>
    </ClCompile>
    <ClCompile Include="QR\QrSegment.cpp">
      <Filter>Qr</Filter>
    </ClCompile>
    <ClCompile Include="SVG\nanosvg.cpp">
      <Filter>SVG</Filter>
    </ClCompile>
    <ClCompile Include="libyuv\source\compare.cc">
      <Filter>libyuv\source</Filter>
    </ClCompile>
    <ClCompile Include="libyuv\source\compare_common.cc">
      <Filter>libyuv\source</Filter>
    </ClCompile>
    <ClCompile Include="libyuv\source\compare_gcc.cc">
      <Filter>libyuv\source</Filter>
    </ClCompile>
    <ClCompile Include="libyuv\source\compare_neon.cc">
      <Filter>libyuv\source</Filter>
    </ClCompile>
    <ClCompile Include="libyuv\source\compare_neon64.cc">
      <Filter>libyuv\source</Filter>
    </ClCompile>
    <ClCompile Include="libyuv\source\compare_win.cc">
      <Filter>libyuv\source</Filter>
    </ClCompile>
    <ClCompile Include="libyuv\source\convert.cc">
      <Filter>libyuv\source</Filter>
    </ClCompile>
    <ClCompile Include="libyuv\source\convert_argb.cc">
      <Filter>libyuv\source</Filter>
    </ClCompile>
    <ClCompile Include="libyuv\source\convert_from.cc">
      <Filter>libyuv\source</Filter>
    </ClCompile>
    <ClCompile Include="libyuv\source\convert_from_argb.cc">
      <Filter>libyuv\source</Filter>
    </ClCompile>
    <ClCompile Include="libyuv\source\convert_jpeg.cc">
      <Filter>libyuv\source</Filter>
    </ClCompile>
    <ClCompile Include="libyuv\source\convert_to_argb.cc">
      <Filter>libyuv\source</Filter>
    </ClCompile>
    <ClCompile Include="libyuv\source\convert_to_i420.cc">
      <Filter>libyuv\source</Filter>
    </ClCompile>
    <ClCompile Include="libyuv\source\cpu_id.cc">
      <Filter>libyuv\source</Filter>
    </ClCompile>
    <ClCompile Include="libyuv\source\mjpeg_decoder.cc">
      <Filter>libyuv\source</Filter>
    </ClCompile>
    <ClCompile Include="libyuv\source\mjpeg_validate.cc">
      <Filter>libyuv\source</Filter>
    </ClCompile>
    <ClCompile Include="libyuv\source\planar_functions.cc">
      <Filter>libyuv\source</Filter>
    </ClCompile>
    <ClCompile Include="libyuv\source\rotate.cc">
      <Filter>libyuv\source</Filter>
    </ClCompile>
    <ClCompile Include="libyuv\source\rotate_any.cc">
      <Filter>libyuv\source</Filter>
    </ClCompile>
    <ClCompile Include="libyuv\source\rotate_argb.cc">
      <Filter>libyuv\source</Filter>
    </ClCompile>
    <ClCompile Include="libyuv\source\rotate_common.cc">
      <Filter>libyuv\source</Filter>
    </ClCompile>
    <ClCompile Include="libyuv\source\rotate_gcc.cc">
      <Filter>libyuv\source</Filter>
    </ClCompile>
    <ClCompile Include="libyuv\source\rotate_mips.cc">
      <Filter>libyuv\source</Filter>
    </ClCompile>
    <ClCompile Include="libyuv\source\rotate_neon.cc">
      <Filter>libyuv\source</Filter>
    </ClCompile>
    <ClCompile Include="libyuv\source\rotate_neon64.cc">
      <Filter>libyuv\source</Filter>
    </ClCompile>
    <ClCompile Include="libyuv\source\rotate_win.cc">
      <Filter>libyuv\source</Filter>
    </ClCompile>
    <ClCompile Include="libyuv\source\row_any.cc">
      <Filter>libyuv\source</Filter>
    </ClCompile>
    <ClCompile Include="libyuv\source\row_common.cc">
      <Filter>libyuv\source</Filter>
    </ClCompile>
    <ClCompile Include="libyuv\source\row_gcc.cc">
      <Filter>libyuv\source</Filter>
    </ClCompile>
    <ClCompile Include="libyuv\source\row_mips.cc">
      <Filter>libyuv\source</Filter>
    </ClCompile>
    <ClCompile Include="libyuv\source\row_neon.cc">
      <Filter>libyuv\source</Filter>
    </ClCompile>
    <ClCompile Include="libyuv\source\row_neon64.cc">
      <Filter>libyuv\source</Filter>
    </ClCompile>
    <ClCompile Include="libyuv\source\row_win.cc">
      <Filter>libyuv\source</Filter>
    </ClCompile>
    <ClCompile Include="libyuv\source\scale.cc">
      <Filter>libyuv\source</Filter>
    </ClCompile>
    <ClCompile Include="libyuv\source\scale_any.cc">
      <Filter>libyuv\source</Filter>
    </ClCompile>
    <ClCompile Include="libyuv\source\scale_argb.cc">
      <Filter>libyuv\source</Filter>
    </ClCompile>
    <ClCompile Include="libyuv\source\scale_common.cc">
      <Filter>libyuv\source</Filter>
    </ClCompile>
    <ClCompile Include="libyuv\source\scale_gcc.cc">
      <Filter>libyuv\source</Filter>
    </ClCompile>
    <ClCompile Include="libyuv\source\scale_mips.cc">
      <Filter>libyuv\source</Filter>
    </ClCompile>
    <ClCompile Include="libyuv\source\scale_neon.cc">
      <Filter>libyuv\source</Filter>
    </ClCompile>
    <ClCompile Include="libyuv\source\scale_neon64.cc">
      <Filter>libyuv\source</Filter>
    </ClCompile>
    <ClCompile Include="libyuv\source\scale_win.cc">
      <Filter>libyuv\source</Filter>
    </ClCompile>
    <ClCompile Include="libyuv\source\video_common.cc">
      <Filter>libyuv\source</Filter>
    </ClCompile>
    <ClCompile Include="VideoAnimation.cpp" />
  </ItemGroup>
  <ItemGroup>
    <ClInclude Include="pch.h" />
    <ClInclude Include="WebP\WebPFrame.h">
      <Filter>WebP</Filter>
    </ClInclude>
    <ClInclude Include="WebP\WebPImage.h">
      <Filter>WebP</Filter>
    </ClInclude>
    <ClInclude Include="Helpers\MathHelper.h">
      <Filter>Helpers</Filter>
    </ClInclude>
    <ClInclude Include="WebP\DemuxerWrapper.h">
      <Filter>WebP</Filter>
    </ClInclude>
    <ClInclude Include="NativeUtils.h" />
    <ClInclude Include="DeviceLostHelper.h" />
    <ClInclude Include="PlaceholderImageHelper.h" />
    <ClInclude Include="Mrz\MrzRecognizer.h">
      <Filter>Mrz</Filter>
    </ClInclude>
    <ClInclude Include="Mrz\fast-edge.h">
      <Filter>Mrz</Filter>
    </ClInclude>
    <ClInclude Include="Mrz\genann.h">
      <Filter>Mrz</Filter>
    </ClInclude>
    <ClInclude Include="Proxies\TelegramGameProxy.h">
      <Filter>Proxies</Filter>
    </ClInclude>
    <ClInclude Include="Proxies\TelegramPaymentProxy.h">
      <Filter>Proxies</Filter>
    </ClInclude>
    <ClInclude Include="StringUtils.h" />
    <ClInclude Include="QR\BitBuffer.hpp">
      <Filter>Qr</Filter>
    </ClInclude>
    <ClInclude Include="QR\QrCode.hpp">
      <Filter>Qr</Filter>
    </ClInclude>
    <ClInclude Include="QR\QrSegment.hpp">
      <Filter>Qr</Filter>
    </ClInclude>
    <ClInclude Include="SVG\nanosvg.h">
      <Filter>SVG</Filter>
    </ClInclude>
    <ClInclude Include="libyuv\include\libyuv.h">
      <Filter>libyuv\include</Filter>
    </ClInclude>
    <ClInclude Include="libyuv\include\libyuv\basic_types.h">
      <Filter>libyuv\include\libyuv</Filter>
    </ClInclude>
    <ClInclude Include="libyuv\include\libyuv\compare.h">
      <Filter>libyuv\include\libyuv</Filter>
    </ClInclude>
    <ClInclude Include="libyuv\include\libyuv\compare_row.h">
      <Filter>libyuv\include\libyuv</Filter>
    </ClInclude>
    <ClInclude Include="libyuv\include\libyuv\convert.h">
      <Filter>libyuv\include\libyuv</Filter>
    </ClInclude>
    <ClInclude Include="libyuv\include\libyuv\convert_argb.h">
      <Filter>libyuv\include\libyuv</Filter>
    </ClInclude>
    <ClInclude Include="libyuv\include\libyuv\convert_from.h">
      <Filter>libyuv\include\libyuv</Filter>
    </ClInclude>
    <ClInclude Include="libyuv\include\libyuv\convert_from_argb.h">
      <Filter>libyuv\include\libyuv</Filter>
    </ClInclude>
    <ClInclude Include="libyuv\include\libyuv\cpu_id.h">
      <Filter>libyuv\include\libyuv</Filter>
    </ClInclude>
    <ClInclude Include="libyuv\include\libyuv\mjpeg_decoder.h">
      <Filter>libyuv\include\libyuv</Filter>
    </ClInclude>
    <ClInclude Include="libyuv\include\libyuv\planar_functions.h">
      <Filter>libyuv\include\libyuv</Filter>
    </ClInclude>
    <ClInclude Include="libyuv\include\libyuv\rotate.h">
      <Filter>libyuv\include\libyuv</Filter>
    </ClInclude>
    <ClInclude Include="libyuv\include\libyuv\rotate_argb.h">
      <Filter>libyuv\include\libyuv</Filter>
    </ClInclude>
    <ClInclude Include="libyuv\include\libyuv\rotate_row.h">
      <Filter>libyuv\include\libyuv</Filter>
    </ClInclude>
    <ClInclude Include="libyuv\include\libyuv\row.h">
      <Filter>libyuv\include\libyuv</Filter>
    </ClInclude>
    <ClInclude Include="libyuv\include\libyuv\scale.h">
      <Filter>libyuv\include\libyuv</Filter>
    </ClInclude>
    <ClInclude Include="libyuv\include\libyuv\scale_argb.h">
      <Filter>libyuv\include\libyuv</Filter>
    </ClInclude>
    <ClInclude Include="libyuv\include\libyuv\scale_row.h">
      <Filter>libyuv\include\libyuv</Filter>
    </ClInclude>
    <ClInclude Include="libyuv\include\libyuv\version.h">
      <Filter>libyuv\include\libyuv</Filter>
    </ClInclude>
    <ClInclude Include="libyuv\include\libyuv\video_common.h">
      <Filter>libyuv\include\libyuv</Filter>
    </ClInclude>
    <ClInclude Include="VideoAnimation.h" />
  </ItemGroup>
  <ItemGroup>
    <None Include="packages.config" />
  </ItemGroup>
</Project>