<?xml version="1.0" encoding="utf-8"?>
<Project ToolsVersion="14.0" xmlns="http://schemas.microsoft.com/developer/msbuild/2003">
  <ItemGroup>
    <Filter Include="Helpers">
      <UniqueIdentifier>{903ec3d1-7f79-41e7-a41d-2ef61411b312}</UniqueIdentifier>
    </Filter>
    <Filter Include="Qr">
      <UniqueIdentifier>{554d0aa9-cb6c-4e0c-9761-3424c8d861cd}</UniqueIdentifier>
    </Filter>
    <Filter Include="SVG">
      <UniqueIdentifier>{20f48c9c-22c5-4b5f-9ac3-113a8c4eaa06}</UniqueIdentifier>
    </Filter>
    <Filter Include="libyuv">
      <UniqueIdentifier>{1941dd59-41f1-4071-8f63-426c6e788796}</UniqueIdentifier>
    </Filter>
    <Filter Include="libyuv\include">
      <UniqueIdentifier>{a9c0307d-e27b-4bb9-9feb-e05851e2394d}</UniqueIdentifier>
    </Filter>
    <Filter Include="libyuv\include\libyuv">
      <UniqueIdentifier>{053c2318-87ab-457d-92f7-90ee165f1567}</UniqueIdentifier>
    </Filter>
    <Filter Include="libyuv\source">
      <UniqueIdentifier>{157965a2-87a0-4380-bdc0-420a42492e3e}</UniqueIdentifier>
    </Filter>
    <Filter Include="Composition">
      <UniqueIdentifier>{721dff3e-daaf-45ba-955e-038df064ed5c}</UniqueIdentifier>
    </Filter>
  </ItemGroup>
  <ItemGroup>
    <ClCompile Include="pch.cpp" />
    <ClCompile Include="NativeUtils.cpp" />
    <ClCompile Include="QR\BitBuffer.cpp">
      <Filter>Qr</Filter>
    </ClCompile>
    <ClCompile Include="QR\QrCode.cpp">
      <Filter>Qr</Filter>
    </ClCompile>
    <ClCompile Include="QR\QrSegment.cpp">
      <Filter>Qr</Filter>
    </ClCompile>
    <ClCompile Include="SVG\nanosvg.cpp">
      <Filter>SVG</Filter>
    </ClCompile>
    <ClCompile Include="libyuv\source\compare.cc">
      <Filter>libyuv\source</Filter>
    </ClCompile>
    <ClCompile Include="libyuv\source\compare_common.cc">
      <Filter>libyuv\source</Filter>
    </ClCompile>
    <ClCompile Include="libyuv\source\compare_gcc.cc">
      <Filter>libyuv\source</Filter>
    </ClCompile>
    <ClCompile Include="libyuv\source\compare_neon.cc">
      <Filter>libyuv\source</Filter>
    </ClCompile>
    <ClCompile Include="libyuv\source\compare_neon64.cc">
      <Filter>libyuv\source</Filter>
    </ClCompile>
    <ClCompile Include="libyuv\source\compare_win.cc">
      <Filter>libyuv\source</Filter>
    </ClCompile>
    <ClCompile Include="libyuv\source\convert.cc">
      <Filter>libyuv\source</Filter>
    </ClCompile>
    <ClCompile Include="libyuv\source\convert_argb.cc">
      <Filter>libyuv\source</Filter>
    </ClCompile>
    <ClCompile Include="libyuv\source\convert_from.cc">
      <Filter>libyuv\source</Filter>
    </ClCompile>
    <ClCompile Include="libyuv\source\convert_from_argb.cc">
      <Filter>libyuv\source</Filter>
    </ClCompile>
    <ClCompile Include="libyuv\source\convert_jpeg.cc">
      <Filter>libyuv\source</Filter>
    </ClCompile>
    <ClCompile Include="libyuv\source\convert_to_argb.cc">
      <Filter>libyuv\source</Filter>
    </ClCompile>
    <ClCompile Include="libyuv\source\convert_to_i420.cc">
      <Filter>libyuv\source</Filter>
    </ClCompile>
    <ClCompile Include="libyuv\source\cpu_id.cc">
      <Filter>libyuv\source</Filter>
    </ClCompile>
    <ClCompile Include="libyuv\source\mjpeg_decoder.cc">
      <Filter>libyuv\source</Filter>
    </ClCompile>
    <ClCompile Include="libyuv\source\mjpeg_validate.cc">
      <Filter>libyuv\source</Filter>
    </ClCompile>
    <ClCompile Include="libyuv\source\planar_functions.cc">
      <Filter>libyuv\source</Filter>
    </ClCompile>
    <ClCompile Include="libyuv\source\rotate.cc">
      <Filter>libyuv\source</Filter>
    </ClCompile>
    <ClCompile Include="libyuv\source\rotate_any.cc">
      <Filter>libyuv\source</Filter>
    </ClCompile>
    <ClCompile Include="libyuv\source\rotate_argb.cc">
      <Filter>libyuv\source</Filter>
    </ClCompile>
    <ClCompile Include="libyuv\source\rotate_common.cc">
      <Filter>libyuv\source</Filter>
    </ClCompile>
    <ClCompile Include="libyuv\source\rotate_gcc.cc">
      <Filter>libyuv\source</Filter>
    </ClCompile>
    <ClCompile Include="libyuv\source\rotate_mips.cc">
      <Filter>libyuv\source</Filter>
    </ClCompile>
    <ClCompile Include="libyuv\source\rotate_neon.cc">
      <Filter>libyuv\source</Filter>
    </ClCompile>
    <ClCompile Include="libyuv\source\rotate_neon64.cc">
      <Filter>libyuv\source</Filter>
    </ClCompile>
    <ClCompile Include="libyuv\source\rotate_win.cc">
      <Filter>libyuv\source</Filter>
    </ClCompile>
    <ClCompile Include="libyuv\source\row_any.cc">
      <Filter>libyuv\source</Filter>
    </ClCompile>
    <ClCompile Include="libyuv\source\row_common.cc">
      <Filter>libyuv\source</Filter>
    </ClCompile>
    <ClCompile Include="libyuv\source\row_gcc.cc">
      <Filter>libyuv\source</Filter>
    </ClCompile>
    <ClCompile Include="libyuv\source\row_mips.cc">
      <Filter>libyuv\source</Filter>
    </ClCompile>
    <ClCompile Include="libyuv\source\row_neon.cc">
      <Filter>libyuv\source</Filter>
    </ClCompile>
    <ClCompile Include="libyuv\source\row_neon64.cc">
      <Filter>libyuv\source</Filter>
    </ClCompile>
    <ClCompile Include="libyuv\source\row_win.cc">
      <Filter>libyuv\source</Filter>
    </ClCompile>
    <ClCompile Include="libyuv\source\scale.cc">
      <Filter>libyuv\source</Filter>
    </ClCompile>
    <ClCompile Include="libyuv\source\scale_any.cc">
      <Filter>libyuv\source</Filter>
    </ClCompile>
    <ClCompile Include="libyuv\source\scale_argb.cc">
      <Filter>libyuv\source</Filter>
    </ClCompile>
    <ClCompile Include="libyuv\source\scale_common.cc">
      <Filter>libyuv\source</Filter>
    </ClCompile>
    <ClCompile Include="libyuv\source\scale_gcc.cc">
      <Filter>libyuv\source</Filter>
    </ClCompile>
    <ClCompile Include="libyuv\source\scale_mips.cc">
      <Filter>libyuv\source</Filter>
    </ClCompile>
    <ClCompile Include="libyuv\source\scale_neon.cc">
      <Filter>libyuv\source</Filter>
    </ClCompile>
    <ClCompile Include="libyuv\source\scale_neon64.cc">
      <Filter>libyuv\source</Filter>
    </ClCompile>
    <ClCompile Include="libyuv\source\scale_win.cc">
      <Filter>libyuv\source</Filter>
    </ClCompile>
    <ClCompile Include="libyuv\source\video_common.cc">
      <Filter>libyuv\source</Filter>
    </ClCompile>
    <ClCompile Include="Generated Files\module.g.cpp" />
    <ClCompile Include="TelegramGameProxy.cpp" />
    <ClCompile Include="TelegramPaymentProxy.cpp" />
    <ClCompile Include="PlaceholderImageHelper.cpp" />
    <ClCompile Include="VideoAnimation.cpp" />
    <ClCompile Include="Helpers\LibraryHelper.cpp">
      <Filter>Helpers</Filter>
    </ClCompile>
    <ClCompile Include="Composition\CompositionDevice.cpp">
      <Filter>Composition</Filter>
    </ClCompile>
    <ClCompile Include="Composition\DirectRectangleClip.cpp">
      <Filter>Composition</Filter>
    </ClCompile>
  </ItemGroup>
  <ItemGroup>
    <ClInclude Include="pch.h" />
    <ClInclude Include="Helpers\MathHelper.h">
      <Filter>Helpers</Filter>
    </ClInclude>
    <ClInclude Include="NativeUtils.h" />
    <ClInclude Include="StringUtils.h" />
    <ClInclude Include="QR\BitBuffer.hpp">
      <Filter>Qr</Filter>
    </ClInclude>
    <ClInclude Include="QR\QrCode.hpp">
      <Filter>Qr</Filter>
    </ClInclude>
    <ClInclude Include="QR\QrSegment.hpp">
      <Filter>Qr</Filter>
    </ClInclude>
    <ClInclude Include="SVG\nanosvg.h">
      <Filter>SVG</Filter>
    </ClInclude>
    <ClInclude Include="libyuv\include\libyuv.h">
      <Filter>libyuv\include</Filter>
    </ClInclude>
    <ClInclude Include="libyuv\include\libyuv\basic_types.h">
      <Filter>libyuv\include\libyuv</Filter>
    </ClInclude>
    <ClInclude Include="libyuv\include\libyuv\compare.h">
      <Filter>libyuv\include\libyuv</Filter>
    </ClInclude>
    <ClInclude Include="libyuv\include\libyuv\compare_row.h">
      <Filter>libyuv\include\libyuv</Filter>
    </ClInclude>
    <ClInclude Include="libyuv\include\libyuv\convert.h">
      <Filter>libyuv\include\libyuv</Filter>
    </ClInclude>
    <ClInclude Include="libyuv\include\libyuv\convert_argb.h">
      <Filter>libyuv\include\libyuv</Filter>
    </ClInclude>
    <ClInclude Include="libyuv\include\libyuv\convert_from.h">
      <Filter>libyuv\include\libyuv</Filter>
    </ClInclude>
    <ClInclude Include="libyuv\include\libyuv\convert_from_argb.h">
      <Filter>libyuv\include\libyuv</Filter>
    </ClInclude>
    <ClInclude Include="libyuv\include\libyuv\cpu_id.h">
      <Filter>libyuv\include\libyuv</Filter>
    </ClInclude>
    <ClInclude Include="libyuv\include\libyuv\mjpeg_decoder.h">
      <Filter>libyuv\include\libyuv</Filter>
    </ClInclude>
    <ClInclude Include="libyuv\include\libyuv\planar_functions.h">
      <Filter>libyuv\include\libyuv</Filter>
    </ClInclude>
    <ClInclude Include="libyuv\include\libyuv\rotate.h">
      <Filter>libyuv\include\libyuv</Filter>
    </ClInclude>
    <ClInclude Include="libyuv\include\libyuv\rotate_argb.h">
      <Filter>libyuv\include\libyuv</Filter>
    </ClInclude>
    <ClInclude Include="libyuv\include\libyuv\rotate_row.h">
      <Filter>libyuv\include\libyuv</Filter>
    </ClInclude>
    <ClInclude Include="libyuv\include\libyuv\row.h">
      <Filter>libyuv\include\libyuv</Filter>
    </ClInclude>
    <ClInclude Include="libyuv\include\libyuv\scale.h">
      <Filter>libyuv\include\libyuv</Filter>
    </ClInclude>
    <ClInclude Include="libyuv\include\libyuv\scale_argb.h">
      <Filter>libyuv\include\libyuv</Filter>
    </ClInclude>
    <ClInclude Include="libyuv\include\libyuv\scale_row.h">
      <Filter>libyuv\include\libyuv</Filter>
    </ClInclude>
    <ClInclude Include="libyuv\include\libyuv\version.h">
      <Filter>libyuv\include\libyuv</Filter>
    </ClInclude>
    <ClInclude Include="libyuv\include\libyuv\video_common.h">
      <Filter>libyuv\include\libyuv</Filter>
    </ClInclude>
    <ClInclude Include="TelegramGameProxy.h" />
    <ClInclude Include="TelegramPaymentProxy.h" />
    <ClInclude Include="PlaceholderImageHelper.h" />
    <ClInclude Include="VideoAnimation.h" />
    <ClInclude Include="Helpers\COMHelper.h">
      <Filter>Helpers</Filter>
    </ClInclude>
    <ClInclude Include="Helpers\DebugHelper.h">
      <Filter>Helpers</Filter>
    </ClInclude>
    <ClInclude Include="Helpers\LibraryHelper.h">
      <Filter>Helpers</Filter>
    </ClInclude>
    <ClInclude Include="Helpers\StringHelper.h">
      <Filter>Helpers</Filter>
    </ClInclude>
    <ClInclude Include="Composition\CompositionDevice.h">
      <Filter>Composition</Filter>
    </ClInclude>
    <ClInclude Include="Composition\dcompex.h">
      <Filter>Composition</Filter>
    </ClInclude>
    <ClInclude Include="Composition\DirectRectangleClip.h">
      <Filter>Composition</Filter>
    </ClInclude>
  </ItemGroup>
  <ItemGroup>
    <None Include="packages.config" />
    <None Include="Unigram.Native.def" />
  </ItemGroup>
  <ItemGroup>
    <Midl Include="NativeUtils.idl" />
    <Midl Include="TelegramGameProxy.idl" />
    <Midl Include="TelegramPaymentProxy.idl" />
    <Midl Include="PlaceholderImageHelper.idl" />
    <Midl Include="VideoAnimation.idl" />
    <Midl Include="AudioPitchEffect.idl" />
    <Midl Include="HttpProxyWatcher.idl" />
    <Midl Include="Composition\CompositionDevice.idl">
      <Filter>Composition</Filter>
    </Midl>
    <Midl Include="Composition\DirectRectangleClip.idl">
      <Filter>Composition</Filter>
    </Midl>
  </ItemGroup>
</Project>