<?xml version="1.0" encoding="utf-8"?>
<Project ToolsVersion="15.0" xmlns="http://schemas.microsoft.com/developer/msbuild/2003">
  <ItemGroup>
    <Filter Include="Wrappers">
      <UniqueIdentifier>{d0d3fe16-1c5b-45b1-94e2-fd6c97a380f8}</UniqueIdentifier>
    </Filter>
    <Filter Include="TLProtocolScheme">
      <UniqueIdentifier>{78734155-0c44-4232-992f-b30f7426e722}</UniqueIdentifier>
    </Filter>
    <Filter Include="MIDL">
      <UniqueIdentifier>{36575a01-6c0e-49e0-8bc8-0faa4d2c20b3}</UniqueIdentifier>
    </Filter>
    <Filter Include="Threading">
      <UniqueIdentifier>{255b15bd-8927-419e-86b3-5ee095a518aa}</UniqueIdentifier>
    </Filter>
    <Filter Include="Diagnostics">
      <UniqueIdentifier>{f9285d2e-ab07-4d57-a610-d38ee95a1333}</UniqueIdentifier>
    </Filter>
  </ItemGroup>
  <ItemGroup>
    <ClCompile Include="pch.cpp" />
    <ClCompile Include="Datacenter.cpp" />
    <ClCompile Include="Connection.cpp" />
    <ClCompile Include="ConnectionSession.cpp" />
    <ClCompile Include="ConnectionSocket.cpp" />
    <ClCompile Include="ConnectionManager.cpp" />
    <ClCompile Include="NetworkExtensions.cpp" />
    <ClCompile Include="TLBinaryReader.cpp">
      <Filter>TLProtocolScheme</Filter>
    </ClCompile>
    <ClCompile Include="TLBinaryWriter.cpp">
      <Filter>TLProtocolScheme</Filter>
    </ClCompile>
    <ClCompile Include="TLObject.cpp">
      <Filter>TLProtocolScheme</Filter>
    </ClCompile>
    <ClCompile Include="TLObjectSerializer.cpp">
      <Filter>TLProtocolScheme</Filter>
    </ClCompile>
    <ClCompile Include="ConnectionCryptography.cpp" />
    <ClCompile Include="DatacenterCryptography.cpp" />
    <ClCompile Include="TLTypes.cpp">
      <Filter>TLProtocolScheme</Filter>
    </ClCompile>
    <ClCompile Include="TLMethods.cpp">
      <Filter>TLProtocolScheme</Filter>
    </ClCompile>
    <ClCompile Include="MessageRequest.cpp" />
    <ClCompile Include="ThreadpoolManager.cpp">
      <Filter>Threading</Filter>
    </ClCompile>
    <ClCompile Include="MessageResponse.cpp" />
    <ClCompile Include="MessageError.cpp" />
    <ClCompile Include="ProxySettings.cpp" />
    <ClCompile Include="UserConfiguration.cpp" />
  </ItemGroup>
  <ItemGroup>
    <ClInclude Include="pch.h" />
    <ClInclude Include="Datacenter.h" />
    <ClInclude Include="Connection.h" />
    <ClInclude Include="ConnectionSession.h" />
    <ClInclude Include="ConnectionSocket.h" />
    <ClInclude Include="ConnectionManager.h" />
    <ClInclude Include="NetworkExtensions.h" />
    <ClInclude Include="TLBinaryReader.h">
      <Filter>TLProtocolScheme</Filter>
    </ClInclude>
    <ClInclude Include="TLBinaryWriter.h">
      <Filter>TLProtocolScheme</Filter>
    </ClInclude>
    <ClInclude Include="TLObject.h">
      <Filter>TLProtocolScheme</Filter>
    </ClInclude>
    <ClInclude Include="TLObjectSerializer.h">
      <Filter>TLProtocolScheme</Filter>
    </ClInclude>
    <ClInclude Include="NativeBuffer.h" />
    <ClInclude Include="Collections.h" />
    <ClInclude Include="DatacenterCryptography.h" />
    <ClInclude Include="ConnectionCryptography.h" />
    <ClInclude Include="DatacenterServer.h" />
    <ClInclude Include="Wrappers\WSAEvent.h">
      <Filter>Wrappers</Filter>
    </ClInclude>
    <ClInclude Include="Wrappers\OpenSSL.h">
      <Filter>Wrappers</Filter>
    </ClInclude>
    <ClInclude Include="GZip.h" />
    <ClInclude Include="TLTypes.h">
      <Filter>TLProtocolScheme</Filter>
    </ClInclude>
    <ClInclude Include="TLMethods.h">
      <Filter>TLProtocolScheme</Filter>
    </ClInclude>
    <ClInclude Include="Reference.h" />
    <ClInclude Include="MessageRequest.h" />
    <ClInclude Include="ThreadpoolManager.h">
      <Filter>Threading</Filter>
    </ClInclude>
    <ClInclude Include="MultiThreadObject.h">
      <Filter>Threading</Filter>
    </ClInclude>
    <ClInclude Include="MessageResponse.h" />
    <ClInclude Include="MessageError.h" />
    <ClInclude Include="ProxySettings.h" />
    <ClInclude Include="UserConfiguration.h" />
    <ClInclude Include="ThreadpoolObject.h">
      <Filter>Threading</Filter>
    </ClInclude>
    <ClInclude Include="LoggingProvider.h">
      <Filter>Diagnostics</Filter>
    </ClInclude>
  </ItemGroup>
  <ItemGroup>
    <None Include="packages.config" />
    <None Include="Telegram.Api.Native.def">
      <Filter>MIDL</Filter>
    </None>
  </ItemGroup>
  <ItemGroup>
    <Midl Include="Telegram.Api.Native.idl">
      <Filter>MIDL</Filter>
    </Midl>
  </ItemGroup>
</Project>