<?xml version="1.0" encoding="utf-8"?>
<Project ToolsVersion="14.0" xmlns="http://schemas.microsoft.com/developer/msbuild/2003">
  <ItemGroup>
    <Filter Include="Resource Files">
      <UniqueIdentifier>{67DA6AB6-F800-4c08-8B7A-83BB121AAD01}</UniqueIdentifier>
      <Extensions>rc;ico;cur;bmp;dlg;rc2;rct;bin;rgs;gif;jpg;jpeg;jpe;resx;tga;tiff;tif;png;wav;mfcribbon-ms</Extensions>
    </Filter>
    <Filter Include="include">
      <UniqueIdentifier>{b7d0bd2e-0c97-47d4-9a18-681a0b749b19}</UniqueIdentifier>
    </Filter>
  </ItemGroup>
  <ItemGroup>
    <ClCompile Include="bitwise.c" />
    <ClCompile Include="framing.c" />
  </ItemGroup>
  <ItemGroup>
    <ClInclude Include="include\ogg\ogg.h">
      <Filter>include</Filter>
    </ClInclude>
    <ClInclude Include="include\ogg\os_types.h">
      <Filter>include</Filter>
    </ClInclude>
  </ItemGroup>
</Project>