<?xml version="1.0" encoding="utf-8"?>
<Project ToolsVersion="14.0" xmlns="http://schemas.microsoft.com/developer/msbuild/2003">
  <ItemGroup>
    <Filter Include="Resource Files">
      <UniqueIdentifier>{67DA6AB6-F800-4c08-8B7A-83BB121AAD01}</UniqueIdentifier>
      <Extensions>rc;ico;cur;bmp;dlg;rc2;rct;bin;rgs;gif;jpg;jpeg;jpe;resx;tga;tiff;tif;png;wav;mfcribbon-ms</Extensions>
    </Filter>
  </ItemGroup>
  <ItemGroup>
    <ClCompile Include="pch.cpp" />
    <ClCompile Include="$(MSBuildThisFileDirectory)src\dec\alpha_dec.c" />
    <ClCompile Include="$(MSBuildThisFileDirectory)src\dec\buffer_dec.c" />
    <ClCompile Include="$(MSBuildThisFileDirectory)src\dec\frame_dec.c" />
    <ClCompile Include="$(MSBuildThisFileDirectory)src\dec\idec_dec.c" />
    <ClCompile Include="$(MSBuildThisFileDirectory)src\dec\io_dec.c" />
    <ClCompile Include="$(MSBuildThisFileDirectory)src\dec\quant_dec.c" />
    <ClCompile Include="$(MSBuildThisFileDirectory)src\dec\tree_dec.c" />
    <ClCompile Include="$(MSBuildThisFileDirectory)src\dec\vp8_dec.c" />
    <ClCompile Include="$(MSBuildThisFileDirectory)src\dec\vp8l_dec.c" />
    <ClCompile Include="$(MSBuildThisFileDirectory)src\dec\webp_dec.c" />
    <ClCompile Include="$(MSBuildThisFileDirectory)src\demux\demux.c" />
    <ClCompile Include="$(MSBuildThisFileDirectory)src\dsp\alpha_processing.c" />
    <ClCompile Include="$(MSBuildThisFileDirectory)src\dsp\alpha_processing_sse2.c" />
    <ClCompile Include="$(MSBuildThisFileDirectory)src\dsp\cpu.c" />
    <ClCompile Include="$(MSBuildThisFileDirectory)src\dsp\dec.c" />
    <ClCompile Include="$(MSBuildThisFileDirectory)src\dsp\dec_clip_tables.c" />
    <ClCompile Include="$(MSBuildThisFileDirectory)src\dsp\dec_mips32.c" />
    <ClCompile Include="$(MSBuildThisFileDirectory)src\dsp\dec_neon.c" />
    <ClCompile Include="$(MSBuildThisFileDirectory)src\dsp\dec_sse2.c" />
    <ClCompile Include="$(MSBuildThisFileDirectory)src\dsp\enc.c" />
    <ClCompile Include="$(MSBuildThisFileDirectory)src\dsp\enc_mips32.c" />
    <ClCompile Include="$(MSBuildThisFileDirectory)src\dsp\enc_neon.c" />
    <ClCompile Include="$(MSBuildThisFileDirectory)src\dsp\enc_sse2.c" />
    <ClCompile Include="$(MSBuildThisFileDirectory)src\dsp\lossless.c" />
    <ClCompile Include="$(MSBuildThisFileDirectory)src\dsp\lossless_mips_dsp_r2.c" />
    <ClCompile Include="$(MSBuildThisFileDirectory)src\dsp\lossless_neon.c" />
    <ClCompile Include="$(MSBuildThisFileDirectory)src\dsp\lossless_sse2.c" />
    <ClCompile Include="$(MSBuildThisFileDirectory)src\dsp\upsampling.c" />
    <ClCompile Include="$(MSBuildThisFileDirectory)src\dsp\upsampling_neon.c" />
    <ClCompile Include="$(MSBuildThisFileDirectory)src\dsp\upsampling_sse2.c" />
    <ClCompile Include="$(MSBuildThisFileDirectory)src\dsp\yuv.c" />
    <ClCompile Include="$(MSBuildThisFileDirectory)src\dsp\yuv_mips32.c" />
    <ClCompile Include="$(MSBuildThisFileDirectory)src\dsp\yuv_sse2.c" />
    <ClCompile Include="$(MSBuildThisFileDirectory)src\utils\bit_reader_utils.c" />
    <ClCompile Include="$(MSBuildThisFileDirectory)src\utils\bit_writer_utils.c" />
    <ClCompile Include="$(MSBuildThisFileDirectory)src\utils\color_cache_utils.c" />
    <ClCompile Include="$(MSBuildThisFileDirectory)src\utils\filters_utils.c" />
    <ClCompile Include="$(MSBuildThisFileDirectory)src\utils\huffman_utils.c" />
    <ClCompile Include="$(MSBuildThisFileDirectory)src\utils\huffman_encode_utils.c" />
    <ClCompile Include="$(MSBuildThisFileDirectory)src\utils\quant_levels_utils.c" />
    <ClCompile Include="$(MSBuildThisFileDirectory)src\utils\quant_levels_dec_utils.c" />
    <ClCompile Include="$(MSBuildThisFileDirectory)src\utils\random_utils.c" />
    <ClCompile Include="$(MSBuildThisFileDirectory)src\utils\rescaler_utils.c" />
    <ClCompile Include="$(MSBuildThisFileDirectory)src\utils\thread_utils.c" />
    <ClCompile Include="$(MSBuildThisFileDirectory)src\utils\utils.c" />
    <ClCompile Include="src\dsp\rescaler.c" />
    <ClCompile Include="src\dsp\rescaler_mips_dsp_r2.c" />
    <ClCompile Include="src\dsp\rescaler_neon.c" />
    <ClCompile Include="src\dsp\rescaler_sse2.c" />
    <ClCompile Include="src\dsp\filters.c" />
    <ClCompile Include="src\dsp\filters_mips_dsp_r2.c" />
    <ClCompile Include="src\dsp\filters_neon.c" />
    <ClCompile Include="src\dsp\filters_sse2.c" />
    <ClCompile Include="src\dsp\upsampling_mips_dsp_r2.c" />
    <ClCompile Include="src\dsp\alpha_processing_sse41.c" />
    <ClCompile Include="src\dsp\alpha_processing_mips_dsp_r2.c" />
    <ClCompile Include="src\dsp\alpha_processing_neon.c" />
    <ClCompile Include="src\dsp\cost.c" />
    <ClCompile Include="src\dsp\cost_mips_dsp_r2.c" />
    <ClCompile Include="src\dsp\cost_mips32.c" />
    <ClCompile Include="src\dsp\cost_neon.c" />
    <ClCompile Include="src\dsp\cost_sse2.c" />
    <ClCompile Include="src\dsp\dec_mips_dsp_r2.c" />
    <ClCompile Include="src\dsp\dec_msa.c" />
    <ClCompile Include="src\dsp\dec_sse41.c" />
    <ClCompile Include="src\dsp\enc_mips_dsp_r2.c" />
    <ClCompile Include="src\dsp\enc_msa.c" />
    <ClCompile Include="src\dsp\enc_sse41.c" />
    <ClCompile Include="src\dsp\filters_msa.c" />
    <ClCompile Include="src\dsp\lossless_enc.c" />
    <ClCompile Include="src\dsp\lossless_enc_mips_dsp_r2.c" />
    <ClCompile Include="src\dsp\lossless_enc_mips32.c" />
    <ClCompile Include="src\dsp\lossless_enc_msa.c" />
    <ClCompile Include="src\dsp\lossless_enc_neon.c" />
    <ClCompile Include="src\dsp\lossless_enc_sse2.c" />
    <ClCompile Include="src\dsp\lossless_enc_sse41.c" />
    <ClCompile Include="src\dsp\lossless_msa.c" />
    <ClCompile Include="src\dsp\rescaler_mips32.c" />
    <ClCompile Include="src\dsp\rescaler_msa.c" />
    <ClCompile Include="src\dsp\ssim.c" />
    <ClCompile Include="src\dsp\ssim_sse2.c" />
    <ClCompile Include="src\dsp\upsampling_msa.c" />
    <ClCompile Include="src\dsp\upsampling_sse41.c" />
    <ClCompile Include="src\dsp\yuv_mips_dsp_r2.c" />
    <ClCompile Include="src\dsp\yuv_neon.c" />
    <ClCompile Include="src\dsp\yuv_sse41.c" />
  </ItemGroup>
  <ItemGroup>
    <ClInclude Include="pch.h" />
    <ClInclude Include="targetver.h" />
    <ClInclude Include="$(MSBuildThisFileDirectory)src\dec\alphai_dec.h" />
    <ClInclude Include="$(MSBuildThisFileDirectory)src\dec\common_dec.h" />
    <ClInclude Include="$(MSBuildThisFileDirectory)src\dec\vp8i_dec.h" />
    <ClInclude Include="$(MSBuildThisFileDirectory)src\dec\vp8li_dec.h" />
    <ClInclude Include="$(MSBuildThisFileDirectory)src\dec\webpi_dec.h" />
    <ClInclude Include="$(MSBuildThisFileDirectory)src\dsp\dsp.h" />
    <ClInclude Include="$(MSBuildThisFileDirectory)src\dsp\lossless.h" />
    <ClInclude Include="$(MSBuildThisFileDirectory)src\dsp\neon.h" />
    <ClInclude Include="$(MSBuildThisFileDirectory)src\dsp\yuv.h" />
    <ClInclude Include="$(MSBuildThisFileDirectory)src\utils\bit_reader_utils.h" />
    <ClInclude Include="$(MSBuildThisFileDirectory)src\utils\bit_reader_inl_utils.h" />
    <ClInclude Include="$(MSBuildThisFileDirectory)src\utils\bit_writer_utils.h" />
    <ClInclude Include="$(MSBuildThisFileDirectory)src\utils\color_cache_utils.h" />
    <ClInclude Include="$(MSBuildThisFileDirectory)src\utils\endian_inl_utils.h" />
    <ClInclude Include="$(MSBuildThisFileDirectory)src\utils\filters_utils.h" />
    <ClInclude Include="$(MSBuildThisFileDirectory)src\utils\huffman_utils.h" />
    <ClInclude Include="$(MSBuildThisFileDirectory)src\utils\huffman_encode_utils.h" />
    <ClInclude Include="$(MSBuildThisFileDirectory)src\utils\quant_levels_utils.h" />
    <ClInclude Include="$(MSBuildThisFileDirectory)src\utils\quant_levels_dec_utils.h" />
    <ClInclude Include="$(MSBuildThisFileDirectory)src\utils\random_utils.h" />
    <ClInclude Include="$(MSBuildThisFileDirectory)src\utils\rescaler_utils.h" />
    <ClInclude Include="$(MSBuildThisFileDirectory)src\utils\thread_utils.h" />
    <ClInclude Include="$(MSBuildThisFileDirectory)src\utils\utils.h" />
    <ClInclude Include="$(MSBuildThisFileDirectory)src\webp\decode.h" />
    <ClInclude Include="$(MSBuildThisFileDirectory)src\webp\demux.h" />
    <ClInclude Include="$(MSBuildThisFileDirectory)src\webp\encode.h" />
    <ClInclude Include="$(MSBuildThisFileDirectory)src\webp\format_constants.h" />
    <ClInclude Include="$(MSBuildThisFileDirectory)src\webp\mux.h" />
    <ClInclude Include="$(MSBuildThisFileDirectory)src\webp\mux_types.h" />
    <ClInclude Include="$(MSBuildThisFileDirectory)src\webp\types.h" />
    <ClInclude Include="src\dsp\common_sse2.h" />
    <ClInclude Include="src\dsp\common_sse41.h" />
    <ClInclude Include="src\dsp\lossless_common.h" />
    <ClInclude Include="src\dsp\mips_macro.h" />
    <ClInclude Include="src\dsp\msa_macro.h" />
    <ClInclude Include="src\dsp\quant.h" />
  </ItemGroup>
  <ItemGroup>
    <None Include="src\dsp\Makefile.am" />
  </ItemGroup>
</Project>