
Microsoft Visual Studio Solution File, Format Version 12.00
# Visual Studio 15
VisualStudioVersion = 15.0.26403.7
MinimumVisualStudioVersion = 10.0.40219.1
Project("{FAE04EC0-301F-11D3-BF4B-00C04F79EFBC}") = "Unigram", "Unigram\Unigram.csproj", "{2235E8EE-374A-4E49-8050-9B701467775D}"
	ProjectSection(ProjectDependencies) = postProject
		{904AC506-51A0-474E-9F55-EC3FEBBCCCD9} = {904AC506-51A0-474E-9F55-EC3FEBBCCCD9}
		{7789C8B7-887C-46B6-BD76-952C590B1853} = {7789C8B7-887C-46B6-BD76-952C590B1853}
		{6766A2C0-AB30-43CC-9EF3-7DDC13736A38} = {6766A2C0-AB30-43CC-9EF3-7DDC13736A38}
		{3520C5E6-F0C2-468F-8970-372414C233DC} = {3520C5E6-F0C2-468F-8970-372414C233DC}
		{EB3AE2EA-6985-4281-8ABE-5DACE0DF528D} = {EB3AE2EA-6985-4281-8ABE-5DACE0DF528D}
	EndProjectSection
EndProject
Project("{FAE04EC0-301F-11D3-BF4B-00C04F79EFBC}") = "Unigram.Api", "Unigram.Api\Unigram.Api.csproj", "{B1979F0B-11E6-4759-A54D-853B13139AA0}"
EndProject
Project("{FAE04EC0-301F-11D3-BF4B-00C04F79EFBC}") = "Unigram.Core", "Unigram.Core\Unigram.Core.csproj", "{580D2885-8129-499E-9FFD-39FF1B586F18}"
EndProject
Project("{FAE04EC0-301F-11D3-BF4B-00C04F79EFBC}") = "Unigram.Tasks", "Unigram.Tasks\Unigram.Tasks.csproj", "{CF4C1FC3-BC51-4297-A7E1-493FCFFE940B}"
EndProject
Project("{FAE04EC0-301F-11D3-BF4B-00C04F79EFBC}") = "Unigram.DesktopService", "Unigram.DesktopService\Unigram.DesktopService.csproj", "{EB3AE2EA-6985-4281-8ABE-5DACE0DF528D}"
EndProject
Project("{8BC9CEB8-8B4A-11D0-8D11-00A0C91BC942}") = "Unigram.Native", "Unigram.Native\Unigram.Native.vcxproj", "{1B521E77-46BD-4D60-89F6-D68E9BB9ABFF}"
EndProject
Project("{2150E333-8FDC-42A3-9474-1A3956D46DE8}") = "Libraries", "Libraries", "{C385BB20-B82D-496E-A38D-835D017AC0EA}"
	ProjectSection(SolutionItems) = preProject
		..\scheme.tl = ..\scheme.tl
	EndProjectSection
EndProject
Project("{8BC9CEB8-8B4A-11D0-8D11-00A0C91BC942}") = "libwebp", "Libraries\libwebp\libwebp.vcxproj", "{7789C8B7-887C-46B6-BD76-952C590B1853}"
EndProject
Project("{8BC9CEB8-8B4A-11D0-8D11-00A0C91BC942}") = "libopus", "Libraries\libopus\libopus.vcxproj", "{904AC506-51A0-474E-9F55-EC3FEBBCCCD9}"
EndProject
Project("{8BC9CEB8-8B4A-11D0-8D11-00A0C91BC942}") = "libogg", "Libraries\libogg\libogg.vcxproj", "{3520C5E6-F0C2-468F-8970-372414C233DC}"
EndProject
Project("{8BC9CEB8-8B4A-11D0-8D11-00A0C91BC942}") = "libopusfile", "Libraries\libopusfile\libopusfile.vcxproj", "{6766A2C0-AB30-43CC-9EF3-7DDC13736A38}"
EndProject
Project("{8BC9CEB8-8B4A-11D0-8D11-00A0C91BC942}") = "libtgvoip", "Libraries\libtgvoip\libtgvoip.vcxproj", "{C6FED544-952A-43CF-8893-04DB6445DF63}"
EndProject
Project("{8BC9CEB8-8B4A-11D0-8D11-00A0C91BC942}") = "Unigram.Native.Tasks", "Unigram.Native.Tasks\Unigram.Native.Tasks.vcxproj", "{CA0C2CC0-3D83-4556-A9A3-0923ECE8C1D3}"
EndProject
Project("{FAE04EC0-301F-11D3-BF4B-00C04F79EFBC}") = "Unigram.Webview", "Unigram.WebView\Unigram.Webview.csproj", "{AC06B3E5-5174-4381-A167-8F912D61F3DE}"
EndProject
Project("{8BC9CEB8-8B4A-11D0-8D11-00A0C91BC942}") = "Telegram.Api.Native", "Telegram.Api.Native\Telegram.Api.Native.vcxproj", "{6A7D27D0-36E8-4364-AC69-740B75EE653C}"
EndProject
Project("{8BC9CEB8-8B4A-11D0-8D11-00A0C91BC942}") = "Unigram.Native.Shared", "Unigram.Native.Shared\Unigram.Native.Shared.vcxitems", "{C50F57B3-33E1-4235-9D02-0C9F1C4176A8}"
EndProject
Project("{8BC9CEB8-8B4A-11D0-8D11-00A0C91BC942}") = "UnigramHost", "UnigramHost\UnigramHost.vcxproj", "{0DBCF059-2952-4809-9003-193CA0C6D499}"
EndProject
Global
	GlobalSection(SharedMSBuildProjectFiles) = preSolution
		Unigram.Native.Shared\Unigram.Native.Shared.vcxitems*{1b521e77-46bd-4d60-89f6-d68e9bb9abff}*SharedItemsImports = 4
		Unigram.Native.Shared\Unigram.Native.Shared.vcxitems*{6a7d27d0-36e8-4364-ac69-740b75ee653c}*SharedItemsImports = 4
		Unigram.Native.Shared\Unigram.Native.Shared.vcxitems*{c50f57b3-33e1-4235-9d02-0c9f1c4176a8}*SharedItemsImports = 9
	EndGlobalSection
	GlobalSection(SolutionConfigurationPlatforms) = preSolution
		Debug|ARM = Debug|ARM
		Debug|x64 = Debug|x64
		Debug|x86 = Debug|x86
		Preview|ARM = Preview|ARM
		Preview|x64 = Preview|x64
		Preview|x86 = Preview|x86
		Release|ARM = Release|ARM
		Release|x64 = Release|x64
		Release|x86 = Release|x86
	EndGlobalSection
	GlobalSection(ProjectConfigurationPlatforms) = postSolution
		{2235E8EE-374A-4E49-8050-9B701467775D}.Debug|ARM.ActiveCfg = Debug|ARM
		{2235E8EE-374A-4E49-8050-9B701467775D}.Debug|ARM.Build.0 = Debug|ARM
		{2235E8EE-374A-4E49-8050-9B701467775D}.Debug|ARM.Deploy.0 = Debug|ARM
		{2235E8EE-374A-4E49-8050-9B701467775D}.Debug|x64.ActiveCfg = Debug|x64
		{2235E8EE-374A-4E49-8050-9B701467775D}.Debug|x64.Build.0 = Debug|x64
		{2235E8EE-374A-4E49-8050-9B701467775D}.Debug|x64.Deploy.0 = Debug|x64
		{2235E8EE-374A-4E49-8050-9B701467775D}.Debug|x86.ActiveCfg = Debug|x86
		{2235E8EE-374A-4E49-8050-9B701467775D}.Debug|x86.Build.0 = Debug|x86
		{2235E8EE-374A-4E49-8050-9B701467775D}.Debug|x86.Deploy.0 = Debug|x86
		{2235E8EE-374A-4E49-8050-9B701467775D}.Preview|ARM.ActiveCfg = Preview|ARM
		{2235E8EE-374A-4E49-8050-9B701467775D}.Preview|ARM.Build.0 = Preview|ARM
		{2235E8EE-374A-4E49-8050-9B701467775D}.Preview|ARM.Deploy.0 = Preview|ARM
		{2235E8EE-374A-4E49-8050-9B701467775D}.Preview|x64.ActiveCfg = Preview|x64
		{2235E8EE-374A-4E49-8050-9B701467775D}.Preview|x64.Build.0 = Preview|x64
		{2235E8EE-374A-4E49-8050-9B701467775D}.Preview|x64.Deploy.0 = Preview|x64
		{2235E8EE-374A-4E49-8050-9B701467775D}.Preview|x86.ActiveCfg = Preview|x86
		{2235E8EE-374A-4E49-8050-9B701467775D}.Preview|x86.Build.0 = Preview|x86
		{2235E8EE-374A-4E49-8050-9B701467775D}.Preview|x86.Deploy.0 = Preview|x86
		{2235E8EE-374A-4E49-8050-9B701467775D}.Release|ARM.ActiveCfg = Release|ARM
		{2235E8EE-374A-4E49-8050-9B701467775D}.Release|ARM.Build.0 = Release|ARM
		{2235E8EE-374A-4E49-8050-9B701467775D}.Release|ARM.Deploy.0 = Release|ARM
		{2235E8EE-374A-4E49-8050-9B701467775D}.Release|x64.ActiveCfg = Release|x64
		{2235E8EE-374A-4E49-8050-9B701467775D}.Release|x64.Build.0 = Release|x64
		{2235E8EE-374A-4E49-8050-9B701467775D}.Release|x64.Deploy.0 = Release|x64
		{2235E8EE-374A-4E49-8050-9B701467775D}.Release|x86.ActiveCfg = Release|x86
		{2235E8EE-374A-4E49-8050-9B701467775D}.Release|x86.Build.0 = Release|x86
		{2235E8EE-374A-4E49-8050-9B701467775D}.Release|x86.Deploy.0 = Release|x86
		{B1979F0B-11E6-4759-A54D-853B13139AA0}.Debug|ARM.ActiveCfg = Debug|ARM
		{B1979F0B-11E6-4759-A54D-853B13139AA0}.Debug|ARM.Build.0 = Debug|ARM
		{B1979F0B-11E6-4759-A54D-853B13139AA0}.Debug|x64.ActiveCfg = Debug|x64
		{B1979F0B-11E6-4759-A54D-853B13139AA0}.Debug|x64.Build.0 = Debug|x64
		{B1979F0B-11E6-4759-A54D-853B13139AA0}.Debug|x86.ActiveCfg = Debug|x86
		{B1979F0B-11E6-4759-A54D-853B13139AA0}.Debug|x86.Build.0 = Debug|x86
		{B1979F0B-11E6-4759-A54D-853B13139AA0}.Preview|ARM.ActiveCfg = Preview|ARM
		{B1979F0B-11E6-4759-A54D-853B13139AA0}.Preview|ARM.Build.0 = Preview|ARM
		{B1979F0B-11E6-4759-A54D-853B13139AA0}.Preview|x64.ActiveCfg = Preview|x64
		{B1979F0B-11E6-4759-A54D-853B13139AA0}.Preview|x64.Build.0 = Preview|x64
		{B1979F0B-11E6-4759-A54D-853B13139AA0}.Preview|x86.ActiveCfg = Preview|x86
		{B1979F0B-11E6-4759-A54D-853B13139AA0}.Preview|x86.Build.0 = Preview|x86
		{B1979F0B-11E6-4759-A54D-853B13139AA0}.Release|ARM.ActiveCfg = Release|ARM
		{B1979F0B-11E6-4759-A54D-853B13139AA0}.Release|ARM.Build.0 = Release|ARM
		{B1979F0B-11E6-4759-A54D-853B13139AA0}.Release|x64.ActiveCfg = Release|x64
		{B1979F0B-11E6-4759-A54D-853B13139AA0}.Release|x64.Build.0 = Release|x64
		{B1979F0B-11E6-4759-A54D-853B13139AA0}.Release|x86.ActiveCfg = Release|x86
		{B1979F0B-11E6-4759-A54D-853B13139AA0}.Release|x86.Build.0 = Release|x86
		{580D2885-8129-499E-9FFD-39FF1B586F18}.Debug|ARM.ActiveCfg = Debug|ARM
		{580D2885-8129-499E-9FFD-39FF1B586F18}.Debug|ARM.Build.0 = Debug|ARM
		{580D2885-8129-499E-9FFD-39FF1B586F18}.Debug|x64.ActiveCfg = Debug|x64
		{580D2885-8129-499E-9FFD-39FF1B586F18}.Debug|x64.Build.0 = Debug|x64
		{580D2885-8129-499E-9FFD-39FF1B586F18}.Debug|x86.ActiveCfg = Debug|x86
		{580D2885-8129-499E-9FFD-39FF1B586F18}.Debug|x86.Build.0 = Debug|x86
		{580D2885-8129-499E-9FFD-39FF1B586F18}.Preview|ARM.ActiveCfg = Preview|ARM
		{580D2885-8129-499E-9FFD-39FF1B586F18}.Preview|ARM.Build.0 = Preview|ARM
		{580D2885-8129-499E-9FFD-39FF1B586F18}.Preview|x64.ActiveCfg = Preview|x64
		{580D2885-8129-499E-9FFD-39FF1B586F18}.Preview|x64.Build.0 = Preview|x64
		{580D2885-8129-499E-9FFD-39FF1B586F18}.Preview|x86.ActiveCfg = Preview|x86
		{580D2885-8129-499E-9FFD-39FF1B586F18}.Preview|x86.Build.0 = Preview|x86
		{580D2885-8129-499E-9FFD-39FF1B586F18}.Release|ARM.ActiveCfg = Release|ARM
		{580D2885-8129-499E-9FFD-39FF1B586F18}.Release|ARM.Build.0 = Release|ARM
		{580D2885-8129-499E-9FFD-39FF1B586F18}.Release|x64.ActiveCfg = Release|x64
		{580D2885-8129-499E-9FFD-39FF1B586F18}.Release|x64.Build.0 = Release|x64
		{580D2885-8129-499E-9FFD-39FF1B586F18}.Release|x86.ActiveCfg = Release|x86
		{580D2885-8129-499E-9FFD-39FF1B586F18}.Release|x86.Build.0 = Release|x86
		{CF4C1FC3-BC51-4297-A7E1-493FCFFE940B}.Debug|ARM.ActiveCfg = Debug|ARM
		{CF4C1FC3-BC51-4297-A7E1-493FCFFE940B}.Debug|ARM.Build.0 = Debug|ARM
		{CF4C1FC3-BC51-4297-A7E1-493FCFFE940B}.Debug|x64.ActiveCfg = Debug|x64
		{CF4C1FC3-BC51-4297-A7E1-493FCFFE940B}.Debug|x64.Build.0 = Debug|x64
		{CF4C1FC3-BC51-4297-A7E1-493FCFFE940B}.Debug|x86.ActiveCfg = Debug|x86
		{CF4C1FC3-BC51-4297-A7E1-493FCFFE940B}.Debug|x86.Build.0 = Debug|x86
		{CF4C1FC3-BC51-4297-A7E1-493FCFFE940B}.Preview|ARM.ActiveCfg = Preview|ARM
		{CF4C1FC3-BC51-4297-A7E1-493FCFFE940B}.Preview|ARM.Build.0 = Preview|ARM
		{CF4C1FC3-BC51-4297-A7E1-493FCFFE940B}.Preview|x64.ActiveCfg = Preview|x64
		{CF4C1FC3-BC51-4297-A7E1-493FCFFE940B}.Preview|x64.Build.0 = Preview|x64
		{CF4C1FC3-BC51-4297-A7E1-493FCFFE940B}.Preview|x86.ActiveCfg = Preview|x86
		{CF4C1FC3-BC51-4297-A7E1-493FCFFE940B}.Preview|x86.Build.0 = Preview|x86
		{CF4C1FC3-BC51-4297-A7E1-493FCFFE940B}.Release|ARM.ActiveCfg = Release|ARM
		{CF4C1FC3-BC51-4297-A7E1-493FCFFE940B}.Release|ARM.Build.0 = Release|ARM
		{CF4C1FC3-BC51-4297-A7E1-493FCFFE940B}.Release|x64.ActiveCfg = Release|x64
		{CF4C1FC3-BC51-4297-A7E1-493FCFFE940B}.Release|x64.Build.0 = Release|x64
		{CF4C1FC3-BC51-4297-A7E1-493FCFFE940B}.Release|x86.ActiveCfg = Release|x86
		{CF4C1FC3-BC51-4297-A7E1-493FCFFE940B}.Release|x86.Build.0 = Release|x86
		{EB3AE2EA-6985-4281-8ABE-5DACE0DF528D}.Debug|ARM.ActiveCfg = Debug|Any CPU
		{EB3AE2EA-6985-4281-8ABE-5DACE0DF528D}.Debug|ARM.Build.0 = Debug|Any CPU
		{EB3AE2EA-6985-4281-8ABE-5DACE0DF528D}.Debug|x64.ActiveCfg = Debug|Any CPU
		{EB3AE2EA-6985-4281-8ABE-5DACE0DF528D}.Debug|x64.Build.0 = Debug|Any CPU
		{EB3AE2EA-6985-4281-8ABE-5DACE0DF528D}.Debug|x86.ActiveCfg = Debug|Any CPU
		{EB3AE2EA-6985-4281-8ABE-5DACE0DF528D}.Debug|x86.Build.0 = Debug|Any CPU
		{EB3AE2EA-6985-4281-8ABE-5DACE0DF528D}.Preview|ARM.ActiveCfg = Preview|Any CPU
		{EB3AE2EA-6985-4281-8ABE-5DACE0DF528D}.Preview|ARM.Build.0 = Preview|Any CPU
		{EB3AE2EA-6985-4281-8ABE-5DACE0DF528D}.Preview|x64.ActiveCfg = Preview|Any CPU
		{EB3AE2EA-6985-4281-8ABE-5DACE0DF528D}.Preview|x64.Build.0 = Preview|Any CPU
		{EB3AE2EA-6985-4281-8ABE-5DACE0DF528D}.Preview|x86.ActiveCfg = Preview|Any CPU
		{EB3AE2EA-6985-4281-8ABE-5DACE0DF528D}.Preview|x86.Build.0 = Preview|Any CPU
		{EB3AE2EA-6985-4281-8ABE-5DACE0DF528D}.Release|ARM.ActiveCfg = Release|Any CPU
		{EB3AE2EA-6985-4281-8ABE-5DACE0DF528D}.Release|ARM.Build.0 = Release|Any CPU
		{EB3AE2EA-6985-4281-8ABE-5DACE0DF528D}.Release|x64.ActiveCfg = Release|Any CPU
		{EB3AE2EA-6985-4281-8ABE-5DACE0DF528D}.Release|x64.Build.0 = Release|Any CPU
		{EB3AE2EA-6985-4281-8ABE-5DACE0DF528D}.Release|x86.ActiveCfg = Release|Any CPU
		{EB3AE2EA-6985-4281-8ABE-5DACE0DF528D}.Release|x86.Build.0 = Release|Any CPU
		{1B521E77-46BD-4D60-89F6-D68E9BB9ABFF}.Debug|ARM.ActiveCfg = Debug|ARM
		{1B521E77-46BD-4D60-89F6-D68E9BB9ABFF}.Debug|ARM.Build.0 = Debug|ARM
		{1B521E77-46BD-4D60-89F6-D68E9BB9ABFF}.Debug|x64.ActiveCfg = Debug|x64
		{1B521E77-46BD-4D60-89F6-D68E9BB9ABFF}.Debug|x64.Build.0 = Debug|x64
		{1B521E77-46BD-4D60-89F6-D68E9BB9ABFF}.Debug|x86.ActiveCfg = Debug|Win32
		{1B521E77-46BD-4D60-89F6-D68E9BB9ABFF}.Debug|x86.Build.0 = Debug|Win32
		{1B521E77-46BD-4D60-89F6-D68E9BB9ABFF}.Preview|ARM.ActiveCfg = Preview|ARM
		{1B521E77-46BD-4D60-89F6-D68E9BB9ABFF}.Preview|ARM.Build.0 = Preview|ARM
		{1B521E77-46BD-4D60-89F6-D68E9BB9ABFF}.Preview|x64.ActiveCfg = Preview|x64
		{1B521E77-46BD-4D60-89F6-D68E9BB9ABFF}.Preview|x64.Build.0 = Preview|x64
		{1B521E77-46BD-4D60-89F6-D68E9BB9ABFF}.Preview|x86.ActiveCfg = Preview|Win32
		{1B521E77-46BD-4D60-89F6-D68E9BB9ABFF}.Preview|x86.Build.0 = Preview|Win32
		{1B521E77-46BD-4D60-89F6-D68E9BB9ABFF}.Release|ARM.ActiveCfg = Release|ARM
		{1B521E77-46BD-4D60-89F6-D68E9BB9ABFF}.Release|ARM.Build.0 = Release|ARM
		{1B521E77-46BD-4D60-89F6-D68E9BB9ABFF}.Release|x64.ActiveCfg = Release|x64
		{1B521E77-46BD-4D60-89F6-D68E9BB9ABFF}.Release|x64.Build.0 = Release|x64
		{1B521E77-46BD-4D60-89F6-D68E9BB9ABFF}.Release|x86.ActiveCfg = Release|Win32
		{1B521E77-46BD-4D60-89F6-D68E9BB9ABFF}.Release|x86.Build.0 = Release|Win32
		{7789C8B7-887C-46B6-BD76-952C590B1853}.Debug|ARM.ActiveCfg = Debug|ARM
		{7789C8B7-887C-46B6-BD76-952C590B1853}.Debug|ARM.Build.0 = Debug|ARM
		{7789C8B7-887C-46B6-BD76-952C590B1853}.Debug|x64.ActiveCfg = Debug|x64
		{7789C8B7-887C-46B6-BD76-952C590B1853}.Debug|x64.Build.0 = Debug|x64
		{7789C8B7-887C-46B6-BD76-952C590B1853}.Debug|x86.ActiveCfg = Debug|Win32
		{7789C8B7-887C-46B6-BD76-952C590B1853}.Debug|x86.Build.0 = Debug|Win32
		{7789C8B7-887C-46B6-BD76-952C590B1853}.Preview|ARM.ActiveCfg = Preview|ARM
		{7789C8B7-887C-46B6-BD76-952C590B1853}.Preview|ARM.Build.0 = Preview|ARM
		{7789C8B7-887C-46B6-BD76-952C590B1853}.Preview|x64.ActiveCfg = Preview|x64
		{7789C8B7-887C-46B6-BD76-952C590B1853}.Preview|x64.Build.0 = Preview|x64
		{7789C8B7-887C-46B6-BD76-952C590B1853}.Preview|x86.ActiveCfg = Preview|Win32
		{7789C8B7-887C-46B6-BD76-952C590B1853}.Preview|x86.Build.0 = Preview|Win32
		{7789C8B7-887C-46B6-BD76-952C590B1853}.Release|ARM.ActiveCfg = Release|ARM
		{7789C8B7-887C-46B6-BD76-952C590B1853}.Release|ARM.Build.0 = Release|ARM
		{7789C8B7-887C-46B6-BD76-952C590B1853}.Release|x64.ActiveCfg = Release|x64
		{7789C8B7-887C-46B6-BD76-952C590B1853}.Release|x64.Build.0 = Release|x64
		{7789C8B7-887C-46B6-BD76-952C590B1853}.Release|x86.ActiveCfg = Release|Win32
		{7789C8B7-887C-46B6-BD76-952C590B1853}.Release|x86.Build.0 = Release|Win32
		{904AC506-51A0-474E-9F55-EC3FEBBCCCD9}.Debug|ARM.ActiveCfg = Debug|ARM
		{904AC506-51A0-474E-9F55-EC3FEBBCCCD9}.Debug|ARM.Build.0 = Debug|ARM
		{904AC506-51A0-474E-9F55-EC3FEBBCCCD9}.Debug|x64.ActiveCfg = Debug|x64
		{904AC506-51A0-474E-9F55-EC3FEBBCCCD9}.Debug|x64.Build.0 = Debug|x64
		{904AC506-51A0-474E-9F55-EC3FEBBCCCD9}.Debug|x86.ActiveCfg = Debug|Win32
		{904AC506-51A0-474E-9F55-EC3FEBBCCCD9}.Debug|x86.Build.0 = Debug|Win32
		{904AC506-51A0-474E-9F55-EC3FEBBCCCD9}.Preview|ARM.ActiveCfg = Preview|ARM
		{904AC506-51A0-474E-9F55-EC3FEBBCCCD9}.Preview|ARM.Build.0 = Preview|ARM
		{904AC506-51A0-474E-9F55-EC3FEBBCCCD9}.Preview|x64.ActiveCfg = Preview|x64
		{904AC506-51A0-474E-9F55-EC3FEBBCCCD9}.Preview|x64.Build.0 = Preview|x64
		{904AC506-51A0-474E-9F55-EC3FEBBCCCD9}.Preview|x86.ActiveCfg = Preview|Win32
		{904AC506-51A0-474E-9F55-EC3FEBBCCCD9}.Preview|x86.Build.0 = Preview|Win32
		{904AC506-51A0-474E-9F55-EC3FEBBCCCD9}.Release|ARM.ActiveCfg = Release|ARM
		{904AC506-51A0-474E-9F55-EC3FEBBCCCD9}.Release|ARM.Build.0 = Release|ARM
		{904AC506-51A0-474E-9F55-EC3FEBBCCCD9}.Release|x64.ActiveCfg = Release|x64
		{904AC506-51A0-474E-9F55-EC3FEBBCCCD9}.Release|x64.Build.0 = Release|x64
		{904AC506-51A0-474E-9F55-EC3FEBBCCCD9}.Release|x86.ActiveCfg = Release|Win32
		{904AC506-51A0-474E-9F55-EC3FEBBCCCD9}.Release|x86.Build.0 = Release|Win32
		{3520C5E6-F0C2-468F-8970-372414C233DC}.Debug|ARM.ActiveCfg = Debug|ARM
		{3520C5E6-F0C2-468F-8970-372414C233DC}.Debug|ARM.Build.0 = Debug|ARM
		{3520C5E6-F0C2-468F-8970-372414C233DC}.Debug|x64.ActiveCfg = Debug|x64
		{3520C5E6-F0C2-468F-8970-372414C233DC}.Debug|x64.Build.0 = Debug|x64
		{3520C5E6-F0C2-468F-8970-372414C233DC}.Debug|x86.ActiveCfg = Debug|Win32
		{3520C5E6-F0C2-468F-8970-372414C233DC}.Debug|x86.Build.0 = Debug|Win32
		{3520C5E6-F0C2-468F-8970-372414C233DC}.Preview|ARM.ActiveCfg = Preview|ARM
		{3520C5E6-F0C2-468F-8970-372414C233DC}.Preview|ARM.Build.0 = Preview|ARM
		{3520C5E6-F0C2-468F-8970-372414C233DC}.Preview|x64.ActiveCfg = Preview|x64
		{3520C5E6-F0C2-468F-8970-372414C233DC}.Preview|x64.Build.0 = Preview|x64
		{3520C5E6-F0C2-468F-8970-372414C233DC}.Preview|x86.ActiveCfg = Preview|Win32
		{3520C5E6-F0C2-468F-8970-372414C233DC}.Preview|x86.Build.0 = Preview|Win32
		{3520C5E6-F0C2-468F-8970-372414C233DC}.Release|ARM.ActiveCfg = Release|ARM
		{3520C5E6-F0C2-468F-8970-372414C233DC}.Release|ARM.Build.0 = Release|ARM
		{3520C5E6-F0C2-468F-8970-372414C233DC}.Release|x64.ActiveCfg = Release|x64
		{3520C5E6-F0C2-468F-8970-372414C233DC}.Release|x64.Build.0 = Release|x64
		{3520C5E6-F0C2-468F-8970-372414C233DC}.Release|x86.ActiveCfg = Release|Win32
		{3520C5E6-F0C2-468F-8970-372414C233DC}.Release|x86.Build.0 = Release|Win32
		{6766A2C0-AB30-43CC-9EF3-7DDC13736A38}.Debug|ARM.ActiveCfg = Debug|ARM
		{6766A2C0-AB30-43CC-9EF3-7DDC13736A38}.Debug|ARM.Build.0 = Debug|ARM
		{6766A2C0-AB30-43CC-9EF3-7DDC13736A38}.Debug|x64.ActiveCfg = Debug|x64
		{6766A2C0-AB30-43CC-9EF3-7DDC13736A38}.Debug|x64.Build.0 = Debug|x64
		{6766A2C0-AB30-43CC-9EF3-7DDC13736A38}.Debug|x86.ActiveCfg = Debug|Win32
		{6766A2C0-AB30-43CC-9EF3-7DDC13736A38}.Debug|x86.Build.0 = Debug|Win32
		{6766A2C0-AB30-43CC-9EF3-7DDC13736A38}.Preview|ARM.ActiveCfg = Preview|ARM
		{6766A2C0-AB30-43CC-9EF3-7DDC13736A38}.Preview|ARM.Build.0 = Preview|ARM
		{6766A2C0-AB30-43CC-9EF3-7DDC13736A38}.Preview|x64.ActiveCfg = Preview|x64
		{6766A2C0-AB30-43CC-9EF3-7DDC13736A38}.Preview|x64.Build.0 = Preview|x64
		{6766A2C0-AB30-43CC-9EF3-7DDC13736A38}.Preview|x86.ActiveCfg = Preview|Win32
		{6766A2C0-AB30-43CC-9EF3-7DDC13736A38}.Preview|x86.Build.0 = Preview|Win32
		{6766A2C0-AB30-43CC-9EF3-7DDC13736A38}.Release|ARM.ActiveCfg = Release|ARM
		{6766A2C0-AB30-43CC-9EF3-7DDC13736A38}.Release|ARM.Build.0 = Release|ARM
		{6766A2C0-AB30-43CC-9EF3-7DDC13736A38}.Release|x64.ActiveCfg = Release|x64
		{6766A2C0-AB30-43CC-9EF3-7DDC13736A38}.Release|x64.Build.0 = Release|x64
		{6766A2C0-AB30-43CC-9EF3-7DDC13736A38}.Release|x86.ActiveCfg = Release|Win32
		{6766A2C0-AB30-43CC-9EF3-7DDC13736A38}.Release|x86.Build.0 = Release|Win32
		{C6FED544-952A-43CF-8893-04DB6445DF63}.Debug|ARM.ActiveCfg = Debug|ARM
		{C6FED544-952A-43CF-8893-04DB6445DF63}.Debug|ARM.Build.0 = Debug|ARM
		{C6FED544-952A-43CF-8893-04DB6445DF63}.Debug|x64.ActiveCfg = Debug|x64
		{C6FED544-952A-43CF-8893-04DB6445DF63}.Debug|x64.Build.0 = Debug|x64
		{C6FED544-952A-43CF-8893-04DB6445DF63}.Debug|x86.ActiveCfg = Debug|Win32
		{C6FED544-952A-43CF-8893-04DB6445DF63}.Debug|x86.Build.0 = Debug|Win32
		{C6FED544-952A-43CF-8893-04DB6445DF63}.Preview|ARM.ActiveCfg = Release|ARM
		{C6FED544-952A-43CF-8893-04DB6445DF63}.Preview|ARM.Build.0 = Release|ARM
		{C6FED544-952A-43CF-8893-04DB6445DF63}.Preview|x64.ActiveCfg = Release|x64
		{C6FED544-952A-43CF-8893-04DB6445DF63}.Preview|x64.Build.0 = Release|x64
		{C6FED544-952A-43CF-8893-04DB6445DF63}.Preview|x86.ActiveCfg = Release|Win32
		{C6FED544-952A-43CF-8893-04DB6445DF63}.Preview|x86.Build.0 = Release|Win32
		{C6FED544-952A-43CF-8893-04DB6445DF63}.Release|ARM.ActiveCfg = Release|ARM
		{C6FED544-952A-43CF-8893-04DB6445DF63}.Release|ARM.Build.0 = Release|ARM
		{C6FED544-952A-43CF-8893-04DB6445DF63}.Release|x64.ActiveCfg = Release|x64
		{C6FED544-952A-43CF-8893-04DB6445DF63}.Release|x64.Build.0 = Release|x64
		{C6FED544-952A-43CF-8893-04DB6445DF63}.Release|x86.ActiveCfg = Release|Win32
		{C6FED544-952A-43CF-8893-04DB6445DF63}.Release|x86.Build.0 = Release|Win32
		{CA0C2CC0-3D83-4556-A9A3-0923ECE8C1D3}.Debug|ARM.ActiveCfg = Debug|ARM
		{CA0C2CC0-3D83-4556-A9A3-0923ECE8C1D3}.Debug|ARM.Build.0 = Debug|ARM
		{CA0C2CC0-3D83-4556-A9A3-0923ECE8C1D3}.Debug|x64.ActiveCfg = Debug|x64
		{CA0C2CC0-3D83-4556-A9A3-0923ECE8C1D3}.Debug|x64.Build.0 = Debug|x64
		{CA0C2CC0-3D83-4556-A9A3-0923ECE8C1D3}.Debug|x86.ActiveCfg = Debug|Win32
		{CA0C2CC0-3D83-4556-A9A3-0923ECE8C1D3}.Debug|x86.Build.0 = Debug|Win32
		{CA0C2CC0-3D83-4556-A9A3-0923ECE8C1D3}.Preview|ARM.ActiveCfg = Preview|ARM
		{CA0C2CC0-3D83-4556-A9A3-0923ECE8C1D3}.Preview|ARM.Build.0 = Preview|ARM
		{CA0C2CC0-3D83-4556-A9A3-0923ECE8C1D3}.Preview|x64.ActiveCfg = Preview|x64
		{CA0C2CC0-3D83-4556-A9A3-0923ECE8C1D3}.Preview|x64.Build.0 = Preview|x64
		{CA0C2CC0-3D83-4556-A9A3-0923ECE8C1D3}.Preview|x86.ActiveCfg = Preview|Win32
		{CA0C2CC0-3D83-4556-A9A3-0923ECE8C1D3}.Preview|x86.Build.0 = Preview|Win32
		{CA0C2CC0-3D83-4556-A9A3-0923ECE8C1D3}.Release|ARM.ActiveCfg = Release|ARM
		{CA0C2CC0-3D83-4556-A9A3-0923ECE8C1D3}.Release|ARM.Build.0 = Release|ARM
		{CA0C2CC0-3D83-4556-A9A3-0923ECE8C1D3}.Release|x64.ActiveCfg = Release|x64
		{CA0C2CC0-3D83-4556-A9A3-0923ECE8C1D3}.Release|x64.Build.0 = Release|x64
		{CA0C2CC0-3D83-4556-A9A3-0923ECE8C1D3}.Release|x86.ActiveCfg = Release|Win32
		{CA0C2CC0-3D83-4556-A9A3-0923ECE8C1D3}.Release|x86.Build.0 = Release|Win32
		{AC06B3E5-5174-4381-A167-8F912D61F3DE}.Debug|ARM.ActiveCfg = Debug|ARM
		{AC06B3E5-5174-4381-A167-8F912D61F3DE}.Debug|ARM.Build.0 = Debug|ARM
		{AC06B3E5-5174-4381-A167-8F912D61F3DE}.Debug|x64.ActiveCfg = Debug|x64
		{AC06B3E5-5174-4381-A167-8F912D61F3DE}.Debug|x64.Build.0 = Debug|x64
		{AC06B3E5-5174-4381-A167-8F912D61F3DE}.Debug|x86.ActiveCfg = Debug|x86
		{AC06B3E5-5174-4381-A167-8F912D61F3DE}.Debug|x86.Build.0 = Debug|x86
		{AC06B3E5-5174-4381-A167-8F912D61F3DE}.Preview|ARM.ActiveCfg = Preview|ARM
		{AC06B3E5-5174-4381-A167-8F912D61F3DE}.Preview|ARM.Build.0 = Preview|ARM
		{AC06B3E5-5174-4381-A167-8F912D61F3DE}.Preview|x64.ActiveCfg = Preview|x64
		{AC06B3E5-5174-4381-A167-8F912D61F3DE}.Preview|x64.Build.0 = Preview|x64
		{AC06B3E5-5174-4381-A167-8F912D61F3DE}.Preview|x86.ActiveCfg = Preview|x86
		{AC06B3E5-5174-4381-A167-8F912D61F3DE}.Preview|x86.Build.0 = Preview|x86
		{AC06B3E5-5174-4381-A167-8F912D61F3DE}.Release|ARM.ActiveCfg = Release|ARM
		{AC06B3E5-5174-4381-A167-8F912D61F3DE}.Release|ARM.Build.0 = Release|ARM
		{AC06B3E5-5174-4381-A167-8F912D61F3DE}.Release|x64.ActiveCfg = Release|x64
		{AC06B3E5-5174-4381-A167-8F912D61F3DE}.Release|x64.Build.0 = Release|x64
		{AC06B3E5-5174-4381-A167-8F912D61F3DE}.Release|x86.ActiveCfg = Release|x86
		{AC06B3E5-5174-4381-A167-8F912D61F3DE}.Release|x86.Build.0 = Release|x86
		{6A7D27D0-36E8-4364-AC69-740B75EE653C}.Debug|ARM.ActiveCfg = Debug|ARM
		{6A7D27D0-36E8-4364-AC69-740B75EE653C}.Debug|ARM.Build.0 = Debug|ARM
		{6A7D27D0-36E8-4364-AC69-740B75EE653C}.Debug|x64.ActiveCfg = Debug|x64
		{6A7D27D0-36E8-4364-AC69-740B75EE653C}.Debug|x64.Build.0 = Debug|x64
		{6A7D27D0-36E8-4364-AC69-740B75EE653C}.Debug|x86.ActiveCfg = Debug|Win32
		{6A7D27D0-36E8-4364-AC69-740B75EE653C}.Debug|x86.Build.0 = Debug|Win32
		{6A7D27D0-36E8-4364-AC69-740B75EE653C}.Preview|ARM.ActiveCfg = Release|ARM
		{6A7D27D0-36E8-4364-AC69-740B75EE653C}.Preview|ARM.Build.0 = Release|ARM
		{6A7D27D0-36E8-4364-AC69-740B75EE653C}.Preview|x64.ActiveCfg = Release|x64
		{6A7D27D0-36E8-4364-AC69-740B75EE653C}.Preview|x64.Build.0 = Release|x64
		{6A7D27D0-36E8-4364-AC69-740B75EE653C}.Preview|x86.ActiveCfg = Release|Win32
		{6A7D27D0-36E8-4364-AC69-740B75EE653C}.Preview|x86.Build.0 = Release|Win32
		{6A7D27D0-36E8-4364-AC69-740B75EE653C}.Release|ARM.ActiveCfg = Release|ARM
		{6A7D27D0-36E8-4364-AC69-740B75EE653C}.Release|ARM.Build.0 = Release|ARM
		{6A7D27D0-36E8-4364-AC69-740B75EE653C}.Release|x64.ActiveCfg = Release|x64
		{6A7D27D0-36E8-4364-AC69-740B75EE653C}.Release|x64.Build.0 = Release|x64
		{6A7D27D0-36E8-4364-AC69-740B75EE653C}.Release|x86.ActiveCfg = Release|Win32
		{6A7D27D0-36E8-4364-AC69-740B75EE653C}.Release|x86.Build.0 = Release|Win32
		{0DBCF059-2952-4809-9003-193CA0C6D499}.Debug|ARM.ActiveCfg = Debug|ARM
		{0DBCF059-2952-4809-9003-193CA0C6D499}.Debug|ARM.Build.0 = Debug|ARM
		{0DBCF059-2952-4809-9003-193CA0C6D499}.Debug|x64.ActiveCfg = Debug|x64
		{0DBCF059-2952-4809-9003-193CA0C6D499}.Debug|x64.Build.0 = Debug|x64
		{0DBCF059-2952-4809-9003-193CA0C6D499}.Debug|x86.ActiveCfg = Debug|Win32
		{0DBCF059-2952-4809-9003-193CA0C6D499}.Debug|x86.Build.0 = Debug|Win32
		{0DBCF059-2952-4809-9003-193CA0C6D499}.Preview|ARM.ActiveCfg = Release|ARM
		{0DBCF059-2952-4809-9003-193CA0C6D499}.Preview|ARM.Build.0 = Release|ARM
		{0DBCF059-2952-4809-9003-193CA0C6D499}.Preview|x64.ActiveCfg = Release|x64
		{0DBCF059-2952-4809-9003-193CA0C6D499}.Preview|x64.Build.0 = Release|x64
		{0DBCF059-2952-4809-9003-193CA0C6D499}.Preview|x86.ActiveCfg = Release|Win32
		{0DBCF059-2952-4809-9003-193CA0C6D499}.Preview|x86.Build.0 = Release|Win32
		{0DBCF059-2952-4809-9003-193CA0C6D499}.Release|ARM.ActiveCfg = Release|ARM
		{0DBCF059-2952-4809-9003-193CA0C6D499}.Release|ARM.Build.0 = Release|ARM
		{0DBCF059-2952-4809-9003-193CA0C6D499}.Release|x64.ActiveCfg = Release|x64
		{0DBCF059-2952-4809-9003-193CA0C6D499}.Release|x64.Build.0 = Release|x64
		{0DBCF059-2952-4809-9003-193CA0C6D499}.Release|x86.ActiveCfg = Release|Win32
		{0DBCF059-2952-4809-9003-193CA0C6D499}.Release|x86.Build.0 = Release|Win32
	EndGlobalSection
	GlobalSection(SolutionProperties) = preSolution
		HideSolutionNode = FALSE
	EndGlobalSection
	GlobalSection(NestedProjects) = preSolution
		{7789C8B7-887C-46B6-BD76-952C590B1853} = {C385BB20-B82D-496E-A38D-835D017AC0EA}
		{904AC506-51A0-474E-9F55-EC3FEBBCCCD9} = {C385BB20-B82D-496E-A38D-835D017AC0EA}
		{3520C5E6-F0C2-468F-8970-372414C233DC} = {C385BB20-B82D-496E-A38D-835D017AC0EA}
		{6766A2C0-AB30-43CC-9EF3-7DDC13736A38} = {C385BB20-B82D-496E-A38D-835D017AC0EA}
		{C6FED544-952A-43CF-8893-04DB6445DF63} = {C385BB20-B82D-496E-A38D-835D017AC0EA}
	EndGlobalSection
EndGlobal
