
Microsoft Visual Studio Solution File, Format Version 12.00
# Visual Studio Version 16
VisualStudioVersion = 16.0.28803.202
MinimumVisualStudioVersion = 10.0.40219.1
Project("{FAE04EC0-301F-11D3-BF4B-00C04F79EFBC}") = "Unigram", "Unigram\Unigram.csproj", "{2235E8EE-374A-4E49-8050-9B701467775D}"
	ProjectSection(ProjectDependencies) = postProject
		{904AC506-51A0-474E-9F55-EC3FEBBCCCD9} = {904AC506-51A0-474E-9F55-EC3FEBBCCCD9}
		{7789C8B7-887C-46B6-BD76-952C590B1853} = {7789C8B7-887C-46B6-BD76-952C590B1853}
		{6766A2C0-AB30-43CC-9EF3-7DDC13736A38} = {6766A2C0-AB30-43CC-9EF3-7DDC13736A38}
		{3520C5E6-F0C2-468F-8970-372414C233DC} = {3520C5E6-F0C2-468F-8970-372414C233DC}
	EndProjectSection
EndProject
Project("{8BC9CEB8-8B4A-11D0-8D11-00A0C91BC942}") = "Unigram.Native", "Unigram.Native\Unigram.Native.vcxproj", "{1B521E77-46BD-4D60-89F6-D68E9BB9ABFF}"
EndProject
Project("{2150E333-8FDC-42A3-9474-1A3956D46DE8}") = "Libraries", "Libraries", "{C385BB20-B82D-496E-A38D-835D017AC0EA}"
EndProject
Project("{8BC9CEB8-8B4A-11D0-8D11-00A0C91BC942}") = "libwebp", "Libraries\libwebp\libwebp.vcxproj", "{7789C8B7-887C-46B6-BD76-952C590B1853}"
EndProject
Project("{8BC9CEB8-8B4A-11D0-8D11-00A0C91BC942}") = "libopus", "Libraries\libopus\libopus.vcxproj", "{904AC506-51A0-474E-9F55-EC3FEBBCCCD9}"
EndProject
Project("{8BC9CEB8-8B4A-11D0-8D11-00A0C91BC942}") = "libogg", "Libraries\libogg\libogg.vcxproj", "{3520C5E6-F0C2-468F-8970-372414C233DC}"
EndProject
Project("{8BC9CEB8-8B4A-11D0-8D11-00A0C91BC942}") = "libopusfile", "Libraries\libopusfile\libopusfile.vcxproj", "{6766A2C0-AB30-43CC-9EF3-7DDC13736A38}"
EndProject
Project("{8BC9CEB8-8B4A-11D0-8D11-00A0C91BC942}") = "Unigram.Native.Tasks", "Unigram.Native.Tasks\Unigram.Native.Tasks.vcxproj", "{CA0C2CC0-3D83-4556-A9A3-0923ECE8C1D3}"
EndProject
Project("{8BC9CEB8-8B4A-11D0-8D11-00A0C91BC942}") = "Unigram.Native.Shared", "Unigram.Native.Shared\Unigram.Native.Shared.vcxitems", "{C50F57B3-33E1-4235-9D02-0C9F1C4176A8}"
EndProject
Project("{8BC9CEB8-8B4A-11D0-8D11-00A0C91BC942}") = "Unigram.Native.Media", "Unigram.Native.Media\Unigram.Native.Media.vcxproj", "{3ADBF08F-0550-4A1C-9794-FEA30CF69E3A}"
EndProject
Project("{8BC9CEB8-8B4A-11D0-8D11-00A0C91BC942}") = "Unigram.Native.Calls", "Unigram.Native.Calls\Unigram.Native.Calls.vcxproj", "{FDD3C45D-4CFF-4A90-8FEF-16CA70AB00BE}"
EndProject
Global
	GlobalSection(SharedMSBuildProjectFiles) = preSolution
		Unigram.Native.Shared\Unigram.Native.Shared.vcxitems*{1b521e77-46bd-4d60-89f6-d68e9bb9abff}*SharedItemsImports = 4
		Unigram.Native.Shared\Unigram.Native.Shared.vcxitems*{3adbf08f-0550-4a1c-9794-fea30cf69e3a}*SharedItemsImports = 4
		Unigram.Native.Shared\Unigram.Native.Shared.vcxitems*{c50f57b3-33e1-4235-9d02-0c9f1c4176a8}*SharedItemsImports = 9
	EndGlobalSection
	GlobalSection(SolutionConfigurationPlatforms) = preSolution
		Debug|ARM = Debug|ARM
		Debug|ARM64 = Debug|ARM64
		Debug|x64 = Debug|x64
		Debug|x86 = Debug|x86
		Release|ARM = Release|ARM
		Release|ARM64 = Release|ARM64
		Release|x64 = Release|x64
		Release|x86 = Release|x86
	EndGlobalSection
	GlobalSection(ProjectConfigurationPlatforms) = postSolution
		{2235E8EE-374A-4E49-8050-9B701467775D}.Debug|ARM.ActiveCfg = Debug|ARM
		{2235E8EE-374A-4E49-8050-9B701467775D}.Debug|ARM.Build.0 = Debug|ARM
		{2235E8EE-374A-4E49-8050-9B701467775D}.Debug|ARM.Deploy.0 = Debug|ARM
		{2235E8EE-374A-4E49-8050-9B701467775D}.Debug|ARM64.ActiveCfg = Debug|x86
		{2235E8EE-374A-4E49-8050-9B701467775D}.Debug|x64.ActiveCfg = Debug|x64
		{2235E8EE-374A-4E49-8050-9B701467775D}.Debug|x64.Build.0 = Debug|x64
		{2235E8EE-374A-4E49-8050-9B701467775D}.Debug|x64.Deploy.0 = Debug|x64
		{2235E8EE-374A-4E49-8050-9B701467775D}.Debug|x86.ActiveCfg = Debug|x86
		{2235E8EE-374A-4E49-8050-9B701467775D}.Debug|x86.Build.0 = Debug|x86
		{2235E8EE-374A-4E49-8050-9B701467775D}.Debug|x86.Deploy.0 = Debug|x86
		{2235E8EE-374A-4E49-8050-9B701467775D}.Release|ARM.ActiveCfg = Release|ARM
		{2235E8EE-374A-4E49-8050-9B701467775D}.Release|ARM.Build.0 = Release|ARM
		{2235E8EE-374A-4E49-8050-9B701467775D}.Release|ARM.Deploy.0 = Release|ARM
		{2235E8EE-374A-4E49-8050-9B701467775D}.Release|ARM64.ActiveCfg = Release|x86
		{2235E8EE-374A-4E49-8050-9B701467775D}.Release|x64.ActiveCfg = Release|x64
		{2235E8EE-374A-4E49-8050-9B701467775D}.Release|x64.Build.0 = Release|x64
		{2235E8EE-374A-4E49-8050-9B701467775D}.Release|x64.Deploy.0 = Release|x64
		{2235E8EE-374A-4E49-8050-9B701467775D}.Release|x86.ActiveCfg = Release|x86
		{2235E8EE-374A-4E49-8050-9B701467775D}.Release|x86.Build.0 = Release|x86
		{2235E8EE-374A-4E49-8050-9B701467775D}.Release|x86.Deploy.0 = Release|x86
		{1B521E77-46BD-4D60-89F6-D68E9BB9ABFF}.Debug|ARM.ActiveCfg = Debug|ARM
		{1B521E77-46BD-4D60-89F6-D68E9BB9ABFF}.Debug|ARM.Build.0 = Debug|ARM
		{1B521E77-46BD-4D60-89F6-D68E9BB9ABFF}.Debug|ARM64.ActiveCfg = Debug|Win32
		{1B521E77-46BD-4D60-89F6-D68E9BB9ABFF}.Debug|x64.ActiveCfg = Debug|x64
		{1B521E77-46BD-4D60-89F6-D68E9BB9ABFF}.Debug|x64.Build.0 = Debug|x64
		{1B521E77-46BD-4D60-89F6-D68E9BB9ABFF}.Debug|x86.ActiveCfg = Debug|Win32
		{1B521E77-46BD-4D60-89F6-D68E9BB9ABFF}.Debug|x86.Build.0 = Debug|Win32
		{1B521E77-46BD-4D60-89F6-D68E9BB9ABFF}.Release|ARM.ActiveCfg = Release|ARM
		{1B521E77-46BD-4D60-89F6-D68E9BB9ABFF}.Release|ARM.Build.0 = Release|ARM
		{1B521E77-46BD-4D60-89F6-D68E9BB9ABFF}.Release|ARM64.ActiveCfg = Release|Win32
		{1B521E77-46BD-4D60-89F6-D68E9BB9ABFF}.Release|x64.ActiveCfg = Release|x64
		{1B521E77-46BD-4D60-89F6-D68E9BB9ABFF}.Release|x64.Build.0 = Release|x64
		{1B521E77-46BD-4D60-89F6-D68E9BB9ABFF}.Release|x86.ActiveCfg = Release|Win32
		{1B521E77-46BD-4D60-89F6-D68E9BB9ABFF}.Release|x86.Build.0 = Release|Win32
		{7789C8B7-887C-46B6-BD76-952C590B1853}.Debug|ARM.ActiveCfg = Debug|ARM
		{7789C8B7-887C-46B6-BD76-952C590B1853}.Debug|ARM.Build.0 = Debug|ARM
		{7789C8B7-887C-46B6-BD76-952C590B1853}.Debug|ARM64.ActiveCfg = Debug|Win32
		{7789C8B7-887C-46B6-BD76-952C590B1853}.Debug|x64.ActiveCfg = Debug|x64
		{7789C8B7-887C-46B6-BD76-952C590B1853}.Debug|x64.Build.0 = Debug|x64
		{7789C8B7-887C-46B6-BD76-952C590B1853}.Debug|x86.ActiveCfg = Debug|Win32
		{7789C8B7-887C-46B6-BD76-952C590B1853}.Debug|x86.Build.0 = Debug|Win32
		{7789C8B7-887C-46B6-BD76-952C590B1853}.Release|ARM.ActiveCfg = Release|ARM
		{7789C8B7-887C-46B6-BD76-952C590B1853}.Release|ARM.Build.0 = Release|ARM
		{7789C8B7-887C-46B6-BD76-952C590B1853}.Release|ARM64.ActiveCfg = Release|Win32
		{7789C8B7-887C-46B6-BD76-952C590B1853}.Release|x64.ActiveCfg = Release|x64
		{7789C8B7-887C-46B6-BD76-952C590B1853}.Release|x64.Build.0 = Release|x64
		{7789C8B7-887C-46B6-BD76-952C590B1853}.Release|x86.ActiveCfg = Release|Win32
		{7789C8B7-887C-46B6-BD76-952C590B1853}.Release|x86.Build.0 = Release|Win32
		{904AC506-51A0-474E-9F55-EC3FEBBCCCD9}.Debug|ARM.ActiveCfg = Debug|ARM
		{904AC506-51A0-474E-9F55-EC3FEBBCCCD9}.Debug|ARM.Build.0 = Debug|ARM
		{904AC506-51A0-474E-9F55-EC3FEBBCCCD9}.Debug|ARM64.ActiveCfg = Debug|Win32
		{904AC506-51A0-474E-9F55-EC3FEBBCCCD9}.Debug|x64.ActiveCfg = Debug|x64
		{904AC506-51A0-474E-9F55-EC3FEBBCCCD9}.Debug|x64.Build.0 = Debug|x64
		{904AC506-51A0-474E-9F55-EC3FEBBCCCD9}.Debug|x86.ActiveCfg = Debug|Win32
		{904AC506-51A0-474E-9F55-EC3FEBBCCCD9}.Debug|x86.Build.0 = Debug|Win32
		{904AC506-51A0-474E-9F55-EC3FEBBCCCD9}.Release|ARM.ActiveCfg = Release|ARM
		{904AC506-51A0-474E-9F55-EC3FEBBCCCD9}.Release|ARM.Build.0 = Release|ARM
		{904AC506-51A0-474E-9F55-EC3FEBBCCCD9}.Release|ARM64.ActiveCfg = Release|Win32
		{904AC506-51A0-474E-9F55-EC3FEBBCCCD9}.Release|x64.ActiveCfg = Release|x64
		{904AC506-51A0-474E-9F55-EC3FEBBCCCD9}.Release|x64.Build.0 = Release|x64
		{904AC506-51A0-474E-9F55-EC3FEBBCCCD9}.Release|x86.ActiveCfg = Release|Win32
		{904AC506-51A0-474E-9F55-EC3FEBBCCCD9}.Release|x86.Build.0 = Release|Win32
		{3520C5E6-F0C2-468F-8970-372414C233DC}.Debug|ARM.ActiveCfg = Debug|ARM
		{3520C5E6-F0C2-468F-8970-372414C233DC}.Debug|ARM.Build.0 = Debug|ARM
		{3520C5E6-F0C2-468F-8970-372414C233DC}.Debug|ARM64.ActiveCfg = Debug|Win32
		{3520C5E6-F0C2-468F-8970-372414C233DC}.Debug|x64.ActiveCfg = Debug|x64
		{3520C5E6-F0C2-468F-8970-372414C233DC}.Debug|x64.Build.0 = Debug|x64
		{3520C5E6-F0C2-468F-8970-372414C233DC}.Debug|x86.ActiveCfg = Debug|Win32
		{3520C5E6-F0C2-468F-8970-372414C233DC}.Debug|x86.Build.0 = Debug|Win32
		{3520C5E6-F0C2-468F-8970-372414C233DC}.Release|ARM.ActiveCfg = Release|ARM
		{3520C5E6-F0C2-468F-8970-372414C233DC}.Release|ARM.Build.0 = Release|ARM
		{3520C5E6-F0C2-468F-8970-372414C233DC}.Release|ARM64.ActiveCfg = Release|Win32
		{3520C5E6-F0C2-468F-8970-372414C233DC}.Release|x64.ActiveCfg = Release|x64
		{3520C5E6-F0C2-468F-8970-372414C233DC}.Release|x64.Build.0 = Release|x64
		{3520C5E6-F0C2-468F-8970-372414C233DC}.Release|x86.ActiveCfg = Release|Win32
		{3520C5E6-F0C2-468F-8970-372414C233DC}.Release|x86.Build.0 = Release|Win32
		{6766A2C0-AB30-43CC-9EF3-7DDC13736A38}.Debug|ARM.ActiveCfg = Debug|ARM
		{6766A2C0-AB30-43CC-9EF3-7DDC13736A38}.Debug|ARM.Build.0 = Debug|ARM
		{6766A2C0-AB30-43CC-9EF3-7DDC13736A38}.Debug|ARM64.ActiveCfg = Debug|Win32
		{6766A2C0-AB30-43CC-9EF3-7DDC13736A38}.Debug|x64.ActiveCfg = Debug|x64
		{6766A2C0-AB30-43CC-9EF3-7DDC13736A38}.Debug|x64.Build.0 = Debug|x64
		{6766A2C0-AB30-43CC-9EF3-7DDC13736A38}.Debug|x86.ActiveCfg = Debug|Win32
		{6766A2C0-AB30-43CC-9EF3-7DDC13736A38}.Debug|x86.Build.0 = Debug|Win32
		{6766A2C0-AB30-43CC-9EF3-7DDC13736A38}.Release|ARM.ActiveCfg = Release|ARM
		{6766A2C0-AB30-43CC-9EF3-7DDC13736A38}.Release|ARM.Build.0 = Release|ARM
		{6766A2C0-AB30-43CC-9EF3-7DDC13736A38}.Release|ARM64.ActiveCfg = Release|Win32
		{6766A2C0-AB30-43CC-9EF3-7DDC13736A38}.Release|x64.ActiveCfg = Release|x64
		{6766A2C0-AB30-43CC-9EF3-7DDC13736A38}.Release|x64.Build.0 = Release|x64
		{6766A2C0-AB30-43CC-9EF3-7DDC13736A38}.Release|x86.ActiveCfg = Release|Win32
		{6766A2C0-AB30-43CC-9EF3-7DDC13736A38}.Release|x86.Build.0 = Release|Win32
		{CA0C2CC0-3D83-4556-A9A3-0923ECE8C1D3}.Debug|ARM.ActiveCfg = Debug|ARM
		{CA0C2CC0-3D83-4556-A9A3-0923ECE8C1D3}.Debug|ARM.Build.0 = Debug|ARM
		{CA0C2CC0-3D83-4556-A9A3-0923ECE8C1D3}.Debug|ARM64.ActiveCfg = Debug|Win32
		{CA0C2CC0-3D83-4556-A9A3-0923ECE8C1D3}.Debug|x64.ActiveCfg = Release|x64
		{CA0C2CC0-3D83-4556-A9A3-0923ECE8C1D3}.Debug|x64.Build.0 = Release|x64
		{CA0C2CC0-3D83-4556-A9A3-0923ECE8C1D3}.Debug|x86.ActiveCfg = Debug|Win32
		{CA0C2CC0-3D83-4556-A9A3-0923ECE8C1D3}.Debug|x86.Build.0 = Debug|Win32
		{CA0C2CC0-3D83-4556-A9A3-0923ECE8C1D3}.Release|ARM.ActiveCfg = Release|ARM
		{CA0C2CC0-3D83-4556-A9A3-0923ECE8C1D3}.Release|ARM.Build.0 = Release|ARM
		{CA0C2CC0-3D83-4556-A9A3-0923ECE8C1D3}.Release|ARM64.ActiveCfg = Release|Win32
		{CA0C2CC0-3D83-4556-A9A3-0923ECE8C1D3}.Release|x64.ActiveCfg = Release|x64
		{CA0C2CC0-3D83-4556-A9A3-0923ECE8C1D3}.Release|x64.Build.0 = Release|x64
		{CA0C2CC0-3D83-4556-A9A3-0923ECE8C1D3}.Release|x86.ActiveCfg = Release|Win32
		{CA0C2CC0-3D83-4556-A9A3-0923ECE8C1D3}.Release|x86.Build.0 = Release|Win32
		{3ADBF08F-0550-4A1C-9794-FEA30CF69E3A}.Debug|ARM.ActiveCfg = Debug|ARM
		{3ADBF08F-0550-4A1C-9794-FEA30CF69E3A}.Debug|ARM.Build.0 = Debug|ARM
		{3ADBF08F-0550-4A1C-9794-FEA30CF69E3A}.Debug|ARM64.ActiveCfg = Debug|ARM64
		{3ADBF08F-0550-4A1C-9794-FEA30CF69E3A}.Debug|ARM64.Build.0 = Debug|ARM64
		{3ADBF08F-0550-4A1C-9794-FEA30CF69E3A}.Debug|x64.ActiveCfg = Debug|x64
		{3ADBF08F-0550-4A1C-9794-FEA30CF69E3A}.Debug|x64.Build.0 = Debug|x64
		{3ADBF08F-0550-4A1C-9794-FEA30CF69E3A}.Debug|x86.ActiveCfg = Debug|Win32
		{3ADBF08F-0550-4A1C-9794-FEA30CF69E3A}.Debug|x86.Build.0 = Debug|Win32
		{3ADBF08F-0550-4A1C-9794-FEA30CF69E3A}.Release|ARM.ActiveCfg = Release|ARM
		{3ADBF08F-0550-4A1C-9794-FEA30CF69E3A}.Release|ARM.Build.0 = Release|ARM
		{3ADBF08F-0550-4A1C-9794-FEA30CF69E3A}.Release|ARM64.ActiveCfg = Release|ARM64
		{3ADBF08F-0550-4A1C-9794-FEA30CF69E3A}.Release|ARM64.Build.0 = Release|ARM64
		{3ADBF08F-0550-4A1C-9794-FEA30CF69E3A}.Release|x64.ActiveCfg = Release|x64
		{3ADBF08F-0550-4A1C-9794-FEA30CF69E3A}.Release|x64.Build.0 = Release|x64
		{3ADBF08F-0550-4A1C-9794-FEA30CF69E3A}.Release|x86.ActiveCfg = Release|Win32
		{3ADBF08F-0550-4A1C-9794-FEA30CF69E3A}.Release|x86.Build.0 = Release|Win32
		{FDD3C45D-4CFF-4A90-8FEF-16CA70AB00BE}.Debug|ARM.ActiveCfg = Debug|ARM
		{FDD3C45D-4CFF-4A90-8FEF-16CA70AB00BE}.Debug|ARM.Build.0 = Debug|ARM
		{FDD3C45D-4CFF-4A90-8FEF-16CA70AB00BE}.Debug|ARM64.ActiveCfg = Debug|ARM64
		{FDD3C45D-4CFF-4A90-8FEF-16CA70AB00BE}.Debug|ARM64.Build.0 = Debug|ARM64
		{FDD3C45D-4CFF-4A90-8FEF-16CA70AB00BE}.Debug|x64.ActiveCfg = Debug|x64
		{FDD3C45D-4CFF-4A90-8FEF-16CA70AB00BE}.Debug|x64.Build.0 = Debug|x64
		{FDD3C45D-4CFF-4A90-8FEF-16CA70AB00BE}.Debug|x86.ActiveCfg = Debug|Win32
		{FDD3C45D-4CFF-4A90-8FEF-16CA70AB00BE}.Debug|x86.Build.0 = Debug|Win32
		{FDD3C45D-4CFF-4A90-8FEF-16CA70AB00BE}.Release|ARM.ActiveCfg = Release|ARM
		{FDD3C45D-4CFF-4A90-8FEF-16CA70AB00BE}.Release|ARM.Build.0 = Release|ARM
		{FDD3C45D-4CFF-4A90-8FEF-16CA70AB00BE}.Release|ARM64.ActiveCfg = Release|ARM64
		{FDD3C45D-4CFF-4A90-8FEF-16CA70AB00BE}.Release|ARM64.Build.0 = Release|ARM64
		{FDD3C45D-4CFF-4A90-8FEF-16CA70AB00BE}.Release|x64.ActiveCfg = Release|x64
		{FDD3C45D-4CFF-4A90-8FEF-16CA70AB00BE}.Release|x64.Build.0 = Release|x64
		{FDD3C45D-4CFF-4A90-8FEF-16CA70AB00BE}.Release|x86.ActiveCfg = Release|Win32
		{FDD3C45D-4CFF-4A90-8FEF-16CA70AB00BE}.Release|x86.Build.0 = Release|Win32
	EndGlobalSection
	GlobalSection(SolutionProperties) = preSolution
		HideSolutionNode = FALSE
	EndGlobalSection
	GlobalSection(NestedProjects) = preSolution
		{7789C8B7-887C-46B6-BD76-952C590B1853} = {C385BB20-B82D-496E-A38D-835D017AC0EA}
		{904AC506-51A0-474E-9F55-EC3FEBBCCCD9} = {C385BB20-B82D-496E-A38D-835D017AC0EA}
		{3520C5E6-F0C2-468F-8970-372414C233DC} = {C385BB20-B82D-496E-A38D-835D017AC0EA}
		{6766A2C0-AB30-43CC-9EF3-7DDC13736A38} = {C385BB20-B82D-496E-A38D-835D017AC0EA}
	EndGlobalSection
	GlobalSection(ExtensibilityGlobals) = postSolution
		SolutionGuid = {8D9C79FF-7079-448D-8DA7-7E83CDBCA9AC}
	EndGlobalSection
EndGlobal
