<?xml version="1.0" encoding="utf-8"?>
<Project ToolsVersion="14.0" xmlns="http://schemas.microsoft.com/developer/msbuild/2003">
  <ItemGroup>
    <Filter Include="Resources">
      <UniqueIdentifier>66615a89-b248-439d-8595-2549e4530586</UniqueIdentifier>
      <Extensions>rc;ico;cur;bmp;dlg;rc2;rct;bin;rgs;gif;jpg;jpeg;jpe;resx;tga;tiff;tif;png;wav;mfcribbon-ms</Extensions>
    </Filter>
    <Filter Include="Strings">
      <UniqueIdentifier>{879b9871-a129-4d1a-89b9-550cb8242fe1}</UniqueIdentifier>
    </Filter>
    <Filter Include="Strings\de">
      <UniqueIdentifier>{1f3c0a02-b597-4cb5-a4b9-7a87278cc871}</UniqueIdentifier>
    </Filter>
    <Filter Include="Strings\en">
      <UniqueIdentifier>{09856740-a660-48ff-b6e2-73c3e51d176a}</UniqueIdentifier>
    </Filter>
    <Filter Include="Strings\es">
      <UniqueIdentifier>{98881f73-770d-4672-9412-4d58e0a42218}</UniqueIdentifier>
    </Filter>
    <Filter Include="Strings\it">
      <UniqueIdentifier>{11304061-fb8e-47ea-ad0c-66b59bd0cc30}</UniqueIdentifier>
    </Filter>
    <Filter Include="Strings\nl">
      <UniqueIdentifier>{eaee6506-a5fa-4400-b253-9788638a2e29}</UniqueIdentifier>
    </Filter>
    <Filter Include="Strings\pt-BR">
      <UniqueIdentifier>{fe309f13-26d4-48b5-87c9-fb71da65e290}</UniqueIdentifier>
    </Filter>
    <Filter Include="Strings\ko">
      <UniqueIdentifier>{04ce2918-83d1-4006-945d-52ca109d0dc6}</UniqueIdentifier>
    </Filter>
    <Filter Include="Strings\fr">
      <UniqueIdentifier>{19882d05-bcea-4cef-9e9b-1f4195ab67f5}</UniqueIdentifier>
    </Filter>
    <Filter Include="Strings\uk">
      <UniqueIdentifier>{92dd171b-ced8-49d9-82fd-deca1fdc79df}</UniqueIdentifier>
    </Filter>
    <Filter Include="Strings\id">
      <UniqueIdentifier>{1430d4d0-4b6e-44de-8161-621de8f945df}</UniqueIdentifier>
    </Filter>
    <Filter Include="Strings\ru">
      <UniqueIdentifier>{9493a634-71e9-4854-b305-d65cecee00ba}</UniqueIdentifier>
    </Filter>
    <Filter Include="Strings\ms">
      <UniqueIdentifier>{bda9a309-2654-4ea6-8f1b-bbd1cb28fddb}</UniqueIdentifier>
    </Filter>
    <Filter Include="Strings\ar">
      <UniqueIdentifier>{a1f9a63a-e522-42ad-99f1-f15e18ea2a2c}</UniqueIdentifier>
    </Filter>
    <Filter Include="Strings\ca">
      <UniqueIdentifier>{dc8423c7-bf67-4c17-8353-402a3df53c2e}</UniqueIdentifier>
    </Filter>
    <Filter Include="Strings\tr">
      <UniqueIdentifier>{50689c61-0590-49f5-bccd-7c993837e7a9}</UniqueIdentifier>
    </Filter>
  </ItemGroup>
  <ItemGroup>
    <ClCompile Include="pch.cpp" />
    <ClCompile Include="NotificationTask.cpp" />
  </ItemGroup>
  <ItemGroup>
    <ClInclude Include="pch.h" />
    <ClInclude Include="NotificationTask.h" />
  </ItemGroup>
  <ItemGroup>
    <PRIResource Include="Strings\de\Resources.resw">
      <Filter>Strings\de</Filter>
    </PRIResource>
    <PRIResource Include="Strings\nl\Resources.resw">
      <Filter>Strings\nl</Filter>
    </PRIResource>
    <PRIResource Include="Strings\es\Resources.resw">
      <Filter>Strings\es</Filter>
    </PRIResource>
    <PRIResource Include="Strings\it\Resources.resw">
      <Filter>Strings\it</Filter>
    </PRIResource>
    <PRIResource Include="Strings\en\Resources.resw">
      <Filter>Strings\en</Filter>
    </PRIResource>
    <PRIResource Include="Strings\ko\Resources.resw">
      <Filter>Strings\ko</Filter>
    </PRIResource>
    <PRIResource Include="Strings\fr\Resources.resw">
      <Filter>Strings\fr</Filter>
    </PRIResource>
    <PRIResource Include="Strings\uk\Resources.resw">
      <Filter>Strings\uk</Filter>
    </PRIResource>
    <PRIResource Include="Strings\id\Resources.resw">
      <Filter>Strings\id</Filter>
    </PRIResource>
    <PRIResource Include="Strings\ru\Resources.resw">
      <Filter>Strings\ru</Filter>
    </PRIResource>
    <PRIResource Include="Strings\ms\Resources.resw">
      <Filter>Strings\ms</Filter>
    </PRIResource>
    <PRIResource Include="Strings\pt-BR\Resources.resw">
      <Filter>Strings\pt-BR</Filter>
    </PRIResource>
    <PRIResource Include="Strings\ar\Resources.resw">
      <Filter>Strings\ar</Filter>
    </PRIResource>
    <PRIResource Include="Strings\ca\Resources.resw">
      <Filter>Strings\ca</Filter>
    </PRIResource>
    <PRIResource Include="Strings\tr\Resources.resw">
      <Filter>Strings\tr</Filter>
    </PRIResource>
  </ItemGroup>
</Project>