<?xml version="1.0" encoding="utf-8"?>
<Project ToolsVersion="4.0" xmlns="http://schemas.microsoft.com/developer/msbuild/2003">
  <ItemGroup>
    <ClInclude Include="$(MSBuildThisFileDirectory)Helpers\COMHelper.h" />
    <ClInclude Include="$(MSBuildThisFileDirectory)Helpers\DebugHelper.h" />
    <ClInclude Include="$(MSBuildThisFileDirectory)Helpers\LibraryHelper.h" />
    <ClInclude Include="$(MSBuildThisFileDirectory)Helpers\StringHelper.h" />
  </ItemGroup>
  <ItemGroup>
    <ClCompile Include="$(MSBuildThisFileDirectory)Helpers\LibraryHelper.cpp" />
  </ItemGroup>
</Project>